// !$*UTF8*$!
{
	archiveVersion = 1;
	classes = {
	};
	objectVersion = 56;
	objects = {

/* Begin PBXBuildFile section */
		F00E6BB82A18F8AB00633FC4 /* PayWallView.swift in Sources */ = {isa = PBXBuildFile; fileRef = F00E6BB72A18F8AB00633FC4 /* PayWallView.swift */; };
		F00E6BBB2A18FA5700633FC4 /* PayWallPlanButton.swift in Sources */ = {isa = PBXBuildFile; fileRef = F00E6BBA2A18FA5700633FC4 /* PayWallPlanButton.swift */; };
		F00E6BBD2A19054900633FC4 /* PayWallController.swift in Sources */ = {isa = PBXBuildFile; fileRef = F00E6BBC2A19054900633FC4 /* PayWallController.swift */; };
		F00E6BC72A1954E100633FC4 /* GoogleSignIn in Frameworks */ = {isa = PBXBuildFile; productRef = F00E6BC62A1954E100633FC4 /* GoogleSignIn */; };
		F00E6BCD2A19583C00633FC4 /* SignInViewModel.swift in Sources */ = {isa = PBXBuildFile; fileRef = F00E6BCC2A19583C00633FC4 /* SignInViewModel.swift */; };
		F00E6BCF2A195DE000633FC4 /* GoogleSignInButton.swift in Sources */ = {isa = PBXBuildFile; fileRef = F00E6BCE2A195DE000633FC4 /* GoogleSignInButton.swift */; };
		F00E6BD12A195F1F00633FC4 /* SignInView.swift in Sources */ = {isa = PBXBuildFile; fileRef = F00E6BD02A195F1F00633FC4 /* SignInView.swift */; };
		F00E6BD42A19656300633FC4 /* SignInViewController.swift in Sources */ = {isa = PBXBuildFile; fileRef = F00E6BD32A19656300633FC4 /* SignInViewController.swift */; };
		F03380AF2A1E52BF00B120E7 /* IAPConstants.swift in Sources */ = {isa = PBXBuildFile; fileRef = F03380AD2A1E52BF00B120E7 /* IAPConstants.swift */; };
		F03380B02A1E52BF00B120E7 /* IAPManager.swift in Sources */ = {isa = PBXBuildFile; fileRef = F03380AE2A1E52BF00B120E7 /* IAPManager.swift */; };
		F03380B52A1E535E00B120E7 /* RevenueCat in Frameworks */ = {isa = PBXBuildFile; productRef = F03380B42A1E535E00B120E7 /* RevenueCat */; };
		F03380B82A1E538B00B120E7 /* PayWallViewModel.swift in Sources */ = {isa = PBXBuildFile; fileRef = F03380B72A1E538B00B120E7 /* PayWallViewModel.swift */; };
		F03380BA2A1E545F00B120E7 /* Configuration.storekit in Resources */ = {isa = PBXBuildFile; fileRef = F03380B92A1E545F00B120E7 /* Configuration.storekit */; };
		F03380BC2A1E553400B120E7 /* StoreKitTestCertificate10.cer in Resources */ = {isa = PBXBuildFile; fileRef = F03380BB2A1E553400B120E7 /* StoreKitTestCertificate10.cer */; };
		F03380BF2A1E91AB00B120E7 /* FirebaseAnalytics in Frameworks */ = {isa = PBXBuildFile; productRef = F03380BE2A1E91AB00B120E7 /* FirebaseAnalytics */; };
		F03380C12A1E91AB00B120E7 /* FirebaseAnalyticsSwift in Frameworks */ = {isa = PBXBuildFile; productRef = F03380C02A1E91AB00B120E7 /* FirebaseAnalyticsSwift */; };
		F03380C32A1E91AB00B120E7 /* FirebaseAuth in Frameworks */ = {isa = PBXBuildFile; productRef = F03380C22A1E91AB00B120E7 /* FirebaseAuth */; };
		F03380C52A1E91AB00B120E7 /* FirebaseFirestore in Frameworks */ = {isa = PBXBuildFile; productRef = F03380C42A1E91AB00B120E7 /* FirebaseFirestore */; };
		F03380C72A1EAF3900B120E7 /* GoogleService-Info.plist in Resources */ = {isa = PBXBuildFile; fileRef = F03380C62A1EAF3900B120E7 /* GoogleService-Info.plist */; };
		F03B830F29FBD716006C5AFC /* NetworkService.swift in Sources */ = {isa = PBXBuildFile; fileRef = F03B830E29FBD716006C5AFC /* NetworkService.swift */; };
		F061C2B82A0633AF00D1E485 /* MapCoordinatorProtocol.swift in Sources */ = {isa = PBXBuildFile; fileRef = F061C2B72A0633AF00D1E485 /* MapCoordinatorProtocol.swift */; };
		F061C2BB2A06530700D1E485 /* SpaCenterModel.swift in Sources */ = {isa = PBXBuildFile; fileRef = F061C2BA2A06530700D1E485 /* SpaCenterModel.swift */; };
		F061C2BD2A06539400D1E485 /* PhysiotheraphyCenterModel.swift in Sources */ = {isa = PBXBuildFile; fileRef = F061C2BC2A06539400D1E485 /* PhysiotheraphyCenterModel.swift */; };
		F061C2BF2A06540400D1E485 /* DialysisCenterModel.swift in Sources */ = {isa = PBXBuildFile; fileRef = F061C2BE2A06540400D1E485 /* DialysisCenterModel.swift */; };
		F061C2C12A06545C00D1E485 /* EmergencyCenterModel.swift in Sources */ = {isa = PBXBuildFile; fileRef = F061C2C02A06545C00D1E485 /* EmergencyCenterModel.swift */; };
		F061C2C32A06550C00D1E485 /* MedicalShopCenterModel.swift in Sources */ = {isa = PBXBuildFile; fileRef = F061C2C22A06550C00D1E485 /* MedicalShopCenterModel.swift */; };
		F061C2C52A0655D500D1E485 /* PrivateDentalCenterModel.swift in Sources */ = {isa = PBXBuildFile; fileRef = F061C2C42A0655D500D1E485 /* PrivateDentalCenterModel.swift */; };
		F061C2C72A06565700D1E485 /* MainHorizontalCollectionModel.swift in Sources */ = {isa = PBXBuildFile; fileRef = F061C2C62A06565700D1E485 /* MainHorizontalCollectionModel.swift */; };
		F06458602A0956EE00B17BF1 /* PharmacyCell.swift in Sources */ = {isa = PBXBuildFile; fileRef = F064585F2A0956EE00B17BF1 /* PharmacyCell.swift */; };
		F06552852A17F7B7008897A7 /* CustomAnnotationView.swift in Sources */ = {isa = PBXBuildFile; fileRef = F06552842A17F7B7008897A7 /* CustomAnnotationView.swift */; };
		F06552892A181059008897A7 /* UIViewController+ShowToast.swift in Sources */ = {isa = PBXBuildFile; fileRef = F06552882A181059008897A7 /* UIViewController+ShowToast.swift */; };
		F065528C2A1817E0008897A7 /* MapAlertController.swift in Sources */ = {isa = PBXBuildFile; fileRef = F065528B2A1817E0008897A7 /* MapAlertController.swift */; };
		F06773BB2A0BBA5100B4BFC4 /* SharedCell2.swift in Sources */ = {isa = PBXBuildFile; fileRef = F06773BA2A0BBA5100B4BFC4 /* SharedCell2.swift */; };
		F06773BE2A0C02B000B4BFC4 /* PlacesTableHeaderView.swift in Sources */ = {isa = PBXBuildFile; fileRef = F06773BD2A0C02B000B4BFC4 /* PlacesTableHeaderView.swift */; };
		F06BEE7429FFD2690013E22D /* ENCityModel.swift in Sources */ = {isa = PBXBuildFile; fileRef = F06BEE7329FFD2690013E22D /* ENCityModel.swift */; };
		F06BEE7629FFD4240013E22D /* ENCountyModel.swift in Sources */ = {isa = PBXBuildFile; fileRef = F06BEE7529FFD4240013E22D /* ENCountyModel.swift */; };
		F06BEE7829FFD63E0013E22D /* HospitalModel.swift in Sources */ = {isa = PBXBuildFile; fileRef = F06BEE7729FFD63E0013E22D /* HospitalModel.swift */; };
		F06BEE7A29FFD70D0013E22D /* HealthCenterModel.swift in Sources */ = {isa = PBXBuildFile; fileRef = F06BEE7929FFD70D0013E22D /* HealthCenterModel.swift */; };
		F06BEE7C29FFD80E0013E22D /* DentalCenterModel.swift in Sources */ = {isa = PBXBuildFile; fileRef = F06BEE7B29FFD80E0013E22D /* DentalCenterModel.swift */; };
		F06BEE7E29FFD9010013E22D /* MedicalLaboratoryModel.swift in Sources */ = {isa = PBXBuildFile; fileRef = F06BEE7D29FFD9010013E22D /* MedicalLaboratoryModel.swift */; };
		F06BEE8029FFDA020013E22D /* RadiologyCenterModel.swift in Sources */ = {isa = PBXBuildFile; fileRef = F06BEE7F29FFDA020013E22D /* RadiologyCenterModel.swift */; };
		F06BEE8229FFDA7C0013E22D /* AnimalHospitalModel.swift in Sources */ = {isa = PBXBuildFile; fileRef = F06BEE8129FFDA7C0013E22D /* AnimalHospitalModel.swift */; };
		F06BEE8429FFDAEE0013E22D /* PsychologyCenterModel.swift in Sources */ = {isa = PBXBuildFile; fileRef = F06BEE8329FFDAEE0013E22D /* PsychologyCenterModel.swift */; };
		F06BEE8629FFDB470013E22D /* GynecologyCenterModel.swift in Sources */ = {isa = PBXBuildFile; fileRef = F06BEE8529FFDB470013E22D /* GynecologyCenterModel.swift */; };
		F06BEE8829FFDBC00013E22D /* OptikCenterModel.swift in Sources */ = {isa = PBXBuildFile; fileRef = F06BEE8729FFDBC00013E22D /* OptikCenterModel.swift */; };
		F072587B29F284EC00F625CE /* AppDelegate.swift in Sources */ = {isa = PBXBuildFile; fileRef = F072587A29F284EC00F625CE /* AppDelegate.swift */; };
		F072587D29F284EC00F625CE /* SceneDelegate.swift in Sources */ = {isa = PBXBuildFile; fileRef = F072587C29F284EC00F625CE /* SceneDelegate.swift */; };
		F072588429F284ED00F625CE /* Assets.xcassets in Resources */ = {isa = PBXBuildFile; fileRef = F072588329F284ED00F625CE /* Assets.xcassets */; };
		F072588729F284ED00F625CE /* LaunchScreen.storyboard in Resources */ = {isa = PBXBuildFile; fileRef = F072588529F284ED00F625CE /* LaunchScreen.storyboard */; };
		F072589529F285F600F625CE /* MainController.swift in Sources */ = {isa = PBXBuildFile; fileRef = F072589429F285F600F625CE /* MainController.swift */; };
		F072589829F2CF2800F625CE /* Coordinator.swift in Sources */ = {isa = PBXBuildFile; fileRef = F072589729F2CF2800F625CE /* Coordinator.swift */; };
		F072589C29F2D89A00F625CE /* MainCoordinator.swift in Sources */ = {isa = PBXBuildFile; fileRef = F072589B29F2D89900F625CE /* MainCoordinator.swift */; };
		F072589E29F2DFCE00F625CE /* MainView.swift in Sources */ = {isa = PBXBuildFile; fileRef = F072589D29F2DFCE00F625CE /* MainView.swift */; };
		F07258A029F2E08F00F625CE /* ViewProtocol.swift in Sources */ = {isa = PBXBuildFile; fileRef = F072589F29F2E08F00F625CE /* ViewProtocol.swift */; };
		F07258A329F2E19200F625CE /* SnapKit in Frameworks */ = {isa = PBXBuildFile; productRef = F07258A229F2E19200F625CE /* SnapKit */; };
		F07258A629F2E3FF00F625CE /* UIColor+HEXColor.swift in Sources */ = {isa = PBXBuildFile; fileRef = F07258A529F2E3FF00F625CE /* UIColor+HEXColor.swift */; };
		F07258B429F31BF900F625CE /* MainCollectionHeaderView.swift in Sources */ = {isa = PBXBuildFile; fileRef = F07258B329F31BF900F625CE /* MainCollectionHeaderView.swift */; };
		F07258B829F32B2F00F625CE /* CustomTextField.swift in Sources */ = {isa = PBXBuildFile; fileRef = F07258B729F32B2F00F625CE /* CustomTextField.swift */; };
		F07258BA29F3386400F625CE /* HorizontalCollectionCell.swift in Sources */ = {isa = PBXBuildFile; fileRef = F07258B929F3386400F625CE /* HorizontalCollectionCell.swift */; };
		F07258BC29F338B200F625CE /* CellProtocol.swift in Sources */ = {isa = PBXBuildFile; fileRef = F07258BB29F338B200F625CE /* CellProtocol.swift */; };
		F07258BF29F33F9800F625CE /* MainViewModel.swift in Sources */ = {isa = PBXBuildFile; fileRef = F07258BE29F33F9800F625CE /* MainViewModel.swift */; };
		F07258C229F3416400F625CE /* MainCollectionModel.swift in Sources */ = {isa = PBXBuildFile; fileRef = F07258C129F3416400F625CE /* MainCollectionModel.swift */; };
		F096A2882A13A7230084947F /* SideMenu in Frameworks */ = {isa = PBXBuildFile; productRef = F096A2872A13A7230084947F /* SideMenu */; };
		F096A28D2A13A78E0084947F /* SideMenuView.swift in Sources */ = {isa = PBXBuildFile; fileRef = F096A28C2A13A78E0084947F /* SideMenuView.swift */; };
		F096A2902A13A7AE0084947F /* SideMenuController.swift in Sources */ = {isa = PBXBuildFile; fileRef = F096A28F2A13A7AE0084947F /* SideMenuController.swift */; };
		F096A2922A13C2580084947F /* UIView+GradiantView.swift in Sources */ = {isa = PBXBuildFile; fileRef = F096A2912A13C2580084947F /* UIView+GradiantView.swift */; };
		F096A2962A14AB420084947F /* SplashController.swift in Sources */ = {isa = PBXBuildFile; fileRef = F096A2952A14AB420084947F /* SplashController.swift */; };
		F096A2982A14AB500084947F /* SplashView.swift in Sources */ = {isa = PBXBuildFile; fileRef = F096A2972A14AB500084947F /* SplashView.swift */; };
		F096A29A2A14ABE60084947F /* SplashAnimation.json in Resources */ = {isa = PBXBuildFile; fileRef = F096A2992A14ABE60084947F /* SplashAnimation.json */; };
		F096A29C2A14AF1D0084947F /* SplashCoordinator.swift in Sources */ = {isa = PBXBuildFile; fileRef = F096A29B2A14AF1D0084947F /* SplashCoordinator.swift */; };
		F096A2A42A14BD130084947F /* LoadingAnimation.json in Resources */ = {isa = PBXBuildFile; fileRef = F096A2A32A14BD130084947F /* LoadingAnimation.json */; };
		F0B73F8F2A1B6A900057BDF4 /* UserService.swift in Sources */ = {isa = PBXBuildFile; fileRef = F0B73F8E2A1B6A900057BDF4 /* UserService.swift */; };
		F0CA98172A03B3CD00F996D8 /* SelectedCityCountyCell.swift in Sources */ = {isa = PBXBuildFile; fileRef = F0CA98162A03B3CD00F996D8 /* SelectedCityCountyCell.swift */; };
		F0CA981A2A0437ED00F996D8 /* Lottie in Frameworks */ = {isa = PBXBuildFile; productRef = F0CA98192A0437ED00F996D8 /* Lottie */; };
		F0CA98202A0438C800F996D8 /* AnimationView.swift in Sources */ = {isa = PBXBuildFile; fileRef = F0CA981F2A0438C800F996D8 /* AnimationView.swift */; };
		F0CDE30629F51EDD0050D81B /* VerticalCollectionCell.swift in Sources */ = {isa = PBXBuildFile; fileRef = F0CDE30529F51EDD0050D81B /* VerticalCollectionCell.swift */; };
		F0D70D0229FD1B6900CA4C39 /* TRCityModel.swift in Sources */ = {isa = PBXBuildFile; fileRef = F0D70D0129FD1B6900CA4C39 /* TRCityModel.swift */; };
		F0D70D0429FD1B9600CA4C39 /* TRCountyModel.swift in Sources */ = {isa = PBXBuildFile; fileRef = F0D70D0329FD1B9600CA4C39 /* TRCountyModel.swift */; };
		F0D70D0629FD1DF800CA4C39 /* PharmacyModel.swift in Sources */ = {isa = PBXBuildFile; fileRef = F0D70D0529FD1DF800CA4C39 /* PharmacyModel.swift */; };
		F0D70D0829FD1E3400CA4C39 /* NetworkEndPointCases.swift in Sources */ = {isa = PBXBuildFile; fileRef = F0D70D0729FD1E3400CA4C39 /* NetworkEndPointCases.swift */; };
		F0D70D0A29FD219900CA4C39 /* NetworkEndPoint.swift in Sources */ = {isa = PBXBuildFile; fileRef = F0D70D0929FD219900CA4C39 /* NetworkEndPoint.swift */; };
		F0D70D0C29FD2C6B00CA4C39 /* NetworkAPIConstant.swift in Sources */ = {isa = PBXBuildFile; fileRef = F0D70D0B29FD2C6B00CA4C39 /* NetworkAPIConstant.swift */; };
		F0D73A152A00CCBB00D4F58D /* SearchResultView.swift in Sources */ = {isa = PBXBuildFile; fileRef = F0D73A142A00CCBB00D4F58D /* SearchResultView.swift */; };
		F0D73A172A00CCEC00D4F58D /* SearchResultController.swift in Sources */ = {isa = PBXBuildFile; fileRef = F0D73A162A00CCEC00D4F58D /* SearchResultController.swift */; };
		F0D73A192A00CF5B00D4F58D /* SearchResultViewModel.swift in Sources */ = {isa = PBXBuildFile; fileRef = F0D73A182A00CF5B00D4F58D /* SearchResultViewModel.swift */; };
		F0D77CEE29F668CF0061C85E /* RxCocoa in Frameworks */ = {isa = PBXBuildFile; productRef = F0D77CED29F668CF0061C85E /* RxCocoa */; };
		F0D77CF029F668CF0061C85E /* RxSwift in Frameworks */ = {isa = PBXBuildFile; productRef = F0D77CEF29F668CF0061C85E /* RxSwift */; };
		F0D77CF329F668FB0061C85E /* RxDataSources in Frameworks */ = {isa = PBXBuildFile; productRef = F0D77CF229F668FB0061C85E /* RxDataSources */; };
		F0D77CF529F680240061C85E /* MainCollectionSectionModel.swift in Sources */ = {isa = PBXBuildFile; fileRef = F0D77CF429F680240061C85E /* MainCollectionSectionModel.swift */; };
		F0D77CF829F929160061C85E /* MapController.swift in Sources */ = {isa = PBXBuildFile; fileRef = F0D77CF729F929160061C85E /* MapController.swift */; };
		F0D77CFD29F929D30061C85E /* MapView.swift in Sources */ = {isa = PBXBuildFile; fileRef = F0D77CFC29F929D30061C85E /* MapView.swift */; };
		F0D77D0629FA72390061C85E /* NetworkManager.swift in Sources */ = {isa = PBXBuildFile; fileRef = F0D77D0529FA72390061C85E /* NetworkManager.swift */; };
		F0D77D0929FA724D0061C85E /* Alamofire in Frameworks */ = {isa = PBXBuildFile; productRef = F0D77D0829FA724D0061C85E /* Alamofire */; };
		F0D77D0D29FA823B0061C85E /* NetworkConstants.swift in Sources */ = {isa = PBXBuildFile; fileRef = F0D77D0C29FA823B0061C85E /* NetworkConstants.swift */; };
		F0DEB6CC2A0A34F000E07D24 /* SharedCell1.swift in Sources */ = {isa = PBXBuildFile; fileRef = F0DEB6CB2A0A34F000E07D24 /* SharedCell1.swift */; };
		F0E975DE2A1753E300C5A607 /* UIButton+CellButtonActions.swift in Sources */ = {isa = PBXBuildFile; fileRef = F0E975DD2A1753E300C5A607 /* UIButton+CellButtonActions.swift */; };
		F0E975E02A1762BC00C5A607 /* UIApplication+TopViewController.swift in Sources */ = {isa = PBXBuildFile; fileRef = F0E975DF2A1762BC00C5A607 /* UIApplication+TopViewController.swift */; };
		F0E975E32A1786FF00C5A607 /* MapViewModel.swift in Sources */ = {isa = PBXBuildFile; fileRef = F0E975E22A1786FF00C5A607 /* MapViewModel.swift */; };
		F0EE779C2A052DAE007BF9A7 /* FloatingPanel in Frameworks */ = {isa = PBXBuildFile; productRef = F0EE779B2A052DAE007BF9A7 /* FloatingPanel */; };
		F0EE779E2A052DEF007BF9A7 /* FloatingController.swift in Sources */ = {isa = PBXBuildFile; fileRef = F0EE779D2A052DEF007BF9A7 /* FloatingController.swift */; };
		F0EE77A32A052EE1007BF9A7 /* FloatingView.swift in Sources */ = {isa = PBXBuildFile; fileRef = F0EE77A22A052EE1007BF9A7 /* FloatingView.swift */; };
		F0EE77A62A054708007BF9A7 /* FloatingViewModel.swift in Sources */ = {isa = PBXBuildFile; fileRef = F0EE77A52A054708007BF9A7 /* FloatingViewModel.swift */; };
		F0EE77A82A054C04007BF9A7 /* MapCoordinator.swift in Sources */ = {isa = PBXBuildFile; fileRef = F0EE77A72A054C04007BF9A7 /* MapCoordinator.swift */; };
/* End PBXBuildFile section */

/* Begin PBXFileReference section */
		F00E6BB72A18F8AB00633FC4 /* PayWallView.swift */ = {isa = PBXFileReference; lastKnownFileType = sourcecode.swift; path = PayWallView.swift; sourceTree = "<group>"; };
		F00E6BBA2A18FA5700633FC4 /* PayWallPlanButton.swift */ = {isa = PBXFileReference; lastKnownFileType = sourcecode.swift; path = PayWallPlanButton.swift; sourceTree = "<group>"; };
		F00E6BBC2A19054900633FC4 /* PayWallController.swift */ = {isa = PBXFileReference; lastKnownFileType = sourcecode.swift; path = PayWallController.swift; sourceTree = "<group>"; };
		F00E6BCC2A19583C00633FC4 /* SignInViewModel.swift */ = {isa = PBXFileReference; lastKnownFileType = sourcecode.swift; path = SignInViewModel.swift; sourceTree = "<group>"; };
		F00E6BCE2A195DE000633FC4 /* GoogleSignInButton.swift */ = {isa = PBXFileReference; lastKnownFileType = sourcecode.swift; path = GoogleSignInButton.swift; sourceTree = "<group>"; };
		F00E6BD02A195F1F00633FC4 /* SignInView.swift */ = {isa = PBXFileReference; lastKnownFileType = sourcecode.swift; path = SignInView.swift; sourceTree = "<group>"; };
		F00E6BD32A19656300633FC4 /* SignInViewController.swift */ = {isa = PBXFileReference; lastKnownFileType = sourcecode.swift; path = SignInViewController.swift; sourceTree = "<group>"; };
		F03380AD2A1E52BF00B120E7 /* IAPConstants.swift */ = {isa = PBXFileReference; fileEncoding = 4; lastKnownFileType = sourcecode.swift; path = IAPConstants.swift; sourceTree = "<group>"; };
		F03380AE2A1E52BF00B120E7 /* IAPManager.swift */ = {isa = PBXFileReference; fileEncoding = 4; lastKnownFileType = sourcecode.swift; path = IAPManager.swift; sourceTree = "<group>"; };
		F03380B72A1E538B00B120E7 /* PayWallViewModel.swift */ = {isa = PBXFileReference; fileEncoding = 4; lastKnownFileType = sourcecode.swift; path = PayWallViewModel.swift; sourceTree = "<group>"; };
		F03380B92A1E545F00B120E7 /* Configuration.storekit */ = {isa = PBXFileReference; lastKnownFileType = text; path = Configuration.storekit; sourceTree = "<group>"; };
		F03380BB2A1E553400B120E7 /* StoreKitTestCertificate10.cer */ = {isa = PBXFileReference; lastKnownFileType = file; path = StoreKitTestCertificate10.cer; sourceTree = "<group>"; };
		F03380C62A1EAF3900B120E7 /* GoogleService-Info.plist */ = {isa = PBXFileReference; lastKnownFileType = text.plist.xml; path = "GoogleService-Info.plist"; sourceTree = "<group>"; };
		F03B830E29FBD716006C5AFC /* NetworkService.swift */ = {isa = PBXFileReference; lastKnownFileType = sourcecode.swift; path = NetworkService.swift; sourceTree = "<group>"; };
		F061C2B72A0633AF00D1E485 /* MapCoordinatorProtocol.swift */ = {isa = PBXFileReference; lastKnownFileType = sourcecode.swift; path = MapCoordinatorProtocol.swift; sourceTree = "<group>"; };
		F061C2BA2A06530700D1E485 /* SpaCenterModel.swift */ = {isa = PBXFileReference; lastKnownFileType = sourcecode.swift; path = SpaCenterModel.swift; sourceTree = "<group>"; };
		F061C2BC2A06539400D1E485 /* PhysiotheraphyCenterModel.swift */ = {isa = PBXFileReference; lastKnownFileType = sourcecode.swift; path = PhysiotheraphyCenterModel.swift; sourceTree = "<group>"; };
		F061C2BE2A06540400D1E485 /* DialysisCenterModel.swift */ = {isa = PBXFileReference; lastKnownFileType = sourcecode.swift; path = DialysisCenterModel.swift; sourceTree = "<group>"; };
		F061C2C02A06545C00D1E485 /* EmergencyCenterModel.swift */ = {isa = PBXFileReference; lastKnownFileType = sourcecode.swift; path = EmergencyCenterModel.swift; sourceTree = "<group>"; };
		F061C2C22A06550C00D1E485 /* MedicalShopCenterModel.swift */ = {isa = PBXFileReference; lastKnownFileType = sourcecode.swift; path = MedicalShopCenterModel.swift; sourceTree = "<group>"; };
		F061C2C42A0655D500D1E485 /* PrivateDentalCenterModel.swift */ = {isa = PBXFileReference; lastKnownFileType = sourcecode.swift; path = PrivateDentalCenterModel.swift; sourceTree = "<group>"; };
		F061C2C62A06565700D1E485 /* MainHorizontalCollectionModel.swift */ = {isa = PBXFileReference; lastKnownFileType = sourcecode.swift; path = MainHorizontalCollectionModel.swift; sourceTree = "<group>"; };
		F064585F2A0956EE00B17BF1 /* PharmacyCell.swift */ = {isa = PBXFileReference; lastKnownFileType = sourcecode.swift; path = PharmacyCell.swift; sourceTree = "<group>"; };
		F06552842A17F7B7008897A7 /* CustomAnnotationView.swift */ = {isa = PBXFileReference; lastKnownFileType = sourcecode.swift; path = CustomAnnotationView.swift; sourceTree = "<group>"; };
		F06552882A181059008897A7 /* UIViewController+ShowToast.swift */ = {isa = PBXFileReference; lastKnownFileType = sourcecode.swift; path = "UIViewController+ShowToast.swift"; sourceTree = "<group>"; };
		F065528B2A1817E0008897A7 /* MapAlertController.swift */ = {isa = PBXFileReference; lastKnownFileType = sourcecode.swift; path = MapAlertController.swift; sourceTree = "<group>"; };
		F06773BA2A0BBA5100B4BFC4 /* SharedCell2.swift */ = {isa = PBXFileReference; lastKnownFileType = sourcecode.swift; path = SharedCell2.swift; sourceTree = "<group>"; };
		F06773BD2A0C02B000B4BFC4 /* PlacesTableHeaderView.swift */ = {isa = PBXFileReference; lastKnownFileType = sourcecode.swift; path = PlacesTableHeaderView.swift; sourceTree = "<group>"; };
		F06BEE7329FFD2690013E22D /* ENCityModel.swift */ = {isa = PBXFileReference; lastKnownFileType = sourcecode.swift; path = ENCityModel.swift; sourceTree = "<group>"; };
		F06BEE7529FFD4240013E22D /* ENCountyModel.swift */ = {isa = PBXFileReference; lastKnownFileType = sourcecode.swift; path = ENCountyModel.swift; sourceTree = "<group>"; };
		F06BEE7729FFD63E0013E22D /* HospitalModel.swift */ = {isa = PBXFileReference; lastKnownFileType = sourcecode.swift; path = HospitalModel.swift; sourceTree = "<group>"; };
		F06BEE7929FFD70D0013E22D /* HealthCenterModel.swift */ = {isa = PBXFileReference; lastKnownFileType = sourcecode.swift; path = HealthCenterModel.swift; sourceTree = "<group>"; };
		F06BEE7B29FFD80E0013E22D /* DentalCenterModel.swift */ = {isa = PBXFileReference; lastKnownFileType = sourcecode.swift; path = DentalCenterModel.swift; sourceTree = "<group>"; };
		F06BEE7D29FFD9010013E22D /* MedicalLaboratoryModel.swift */ = {isa = PBXFileReference; lastKnownFileType = sourcecode.swift; path = MedicalLaboratoryModel.swift; sourceTree = "<group>"; };
		F06BEE7F29FFDA020013E22D /* RadiologyCenterModel.swift */ = {isa = PBXFileReference; lastKnownFileType = sourcecode.swift; path = RadiologyCenterModel.swift; sourceTree = "<group>"; };
		F06BEE8129FFDA7C0013E22D /* AnimalHospitalModel.swift */ = {isa = PBXFileReference; lastKnownFileType = sourcecode.swift; path = AnimalHospitalModel.swift; sourceTree = "<group>"; };
		F06BEE8329FFDAEE0013E22D /* PsychologyCenterModel.swift */ = {isa = PBXFileReference; lastKnownFileType = sourcecode.swift; path = PsychologyCenterModel.swift; sourceTree = "<group>"; };
		F06BEE8529FFDB470013E22D /* GynecologyCenterModel.swift */ = {isa = PBXFileReference; lastKnownFileType = sourcecode.swift; path = GynecologyCenterModel.swift; sourceTree = "<group>"; };
		F06BEE8729FFDBC00013E22D /* OptikCenterModel.swift */ = {isa = PBXFileReference; lastKnownFileType = sourcecode.swift; path = OptikCenterModel.swift; sourceTree = "<group>"; };
		F072587729F284EC00F625CE /* SaglikYerleri.app */ = {isa = PBXFileReference; explicitFileType = wrapper.application; includeInIndex = 0; path = SaglikYerleri.app; sourceTree = BUILT_PRODUCTS_DIR; };
		F072587A29F284EC00F625CE /* AppDelegate.swift */ = {isa = PBXFileReference; lastKnownFileType = sourcecode.swift; path = AppDelegate.swift; sourceTree = "<group>"; };
		F072587C29F284EC00F625CE /* SceneDelegate.swift */ = {isa = PBXFileReference; lastKnownFileType = sourcecode.swift; path = SceneDelegate.swift; sourceTree = "<group>"; };
		F072588329F284ED00F625CE /* Assets.xcassets */ = {isa = PBXFileReference; lastKnownFileType = folder.assetcatalog; path = Assets.xcassets; sourceTree = "<group>"; };
		F072588629F284ED00F625CE /* Base */ = {isa = PBXFileReference; lastKnownFileType = file.storyboard; name = Base; path = Base.lproj/LaunchScreen.storyboard; sourceTree = "<group>"; };
		F072588829F284ED00F625CE /* Info.plist */ = {isa = PBXFileReference; lastKnownFileType = text.plist.xml; path = Info.plist; sourceTree = "<group>"; };
		F072589429F285F600F625CE /* MainController.swift */ = {isa = PBXFileReference; lastKnownFileType = sourcecode.swift; path = MainController.swift; sourceTree = "<group>"; };
		F072589729F2CF2800F625CE /* Coordinator.swift */ = {isa = PBXFileReference; lastKnownFileType = sourcecode.swift; path = Coordinator.swift; sourceTree = "<group>"; };
		F072589B29F2D89900F625CE /* MainCoordinator.swift */ = {isa = PBXFileReference; lastKnownFileType = sourcecode.swift; path = MainCoordinator.swift; sourceTree = "<group>"; };
		F072589D29F2DFCE00F625CE /* MainView.swift */ = {isa = PBXFileReference; lastKnownFileType = sourcecode.swift; path = MainView.swift; sourceTree = "<group>"; };
		F072589F29F2E08F00F625CE /* ViewProtocol.swift */ = {isa = PBXFileReference; lastKnownFileType = sourcecode.swift; path = ViewProtocol.swift; sourceTree = "<group>"; };
		F07258A529F2E3FF00F625CE /* UIColor+HEXColor.swift */ = {isa = PBXFileReference; lastKnownFileType = sourcecode.swift; path = "UIColor+HEXColor.swift"; sourceTree = "<group>"; };
		F07258B329F31BF900F625CE /* MainCollectionHeaderView.swift */ = {isa = PBXFileReference; lastKnownFileType = sourcecode.swift; path = MainCollectionHeaderView.swift; sourceTree = "<group>"; };
		F07258B729F32B2F00F625CE /* CustomTextField.swift */ = {isa = PBXFileReference; lastKnownFileType = sourcecode.swift; path = CustomTextField.swift; sourceTree = "<group>"; };
		F07258B929F3386400F625CE /* HorizontalCollectionCell.swift */ = {isa = PBXFileReference; lastKnownFileType = sourcecode.swift; path = HorizontalCollectionCell.swift; sourceTree = "<group>"; };
		F07258BB29F338B200F625CE /* CellProtocol.swift */ = {isa = PBXFileReference; lastKnownFileType = sourcecode.swift; path = CellProtocol.swift; sourceTree = "<group>"; };
		F07258BE29F33F9800F625CE /* MainViewModel.swift */ = {isa = PBXFileReference; lastKnownFileType = sourcecode.swift; path = MainViewModel.swift; sourceTree = "<group>"; };
		F07258C129F3416400F625CE /* MainCollectionModel.swift */ = {isa = PBXFileReference; lastKnownFileType = sourcecode.swift; path = MainCollectionModel.swift; sourceTree = "<group>"; };
		F096A28C2A13A78E0084947F /* SideMenuView.swift */ = {isa = PBXFileReference; lastKnownFileType = sourcecode.swift; path = SideMenuView.swift; sourceTree = "<group>"; };
		F096A28F2A13A7AE0084947F /* SideMenuController.swift */ = {isa = PBXFileReference; lastKnownFileType = sourcecode.swift; path = SideMenuController.swift; sourceTree = "<group>"; };
		F096A2912A13C2580084947F /* UIView+GradiantView.swift */ = {isa = PBXFileReference; fileEncoding = 4; lastKnownFileType = sourcecode.swift; path = "UIView+GradiantView.swift"; sourceTree = "<group>"; };
		F096A2952A14AB420084947F /* SplashController.swift */ = {isa = PBXFileReference; lastKnownFileType = sourcecode.swift; path = SplashController.swift; sourceTree = "<group>"; };
		F096A2972A14AB500084947F /* SplashView.swift */ = {isa = PBXFileReference; lastKnownFileType = sourcecode.swift; path = SplashView.swift; sourceTree = "<group>"; };
		F096A2992A14ABE60084947F /* SplashAnimation.json */ = {isa = PBXFileReference; fileEncoding = 4; lastKnownFileType = text.json; path = SplashAnimation.json; sourceTree = "<group>"; };
		F096A29B2A14AF1D0084947F /* SplashCoordinator.swift */ = {isa = PBXFileReference; lastKnownFileType = sourcecode.swift; path = SplashCoordinator.swift; sourceTree = "<group>"; };
		F096A2A32A14BD130084947F /* LoadingAnimation.json */ = {isa = PBXFileReference; fileEncoding = 4; lastKnownFileType = text.json; path = LoadingAnimation.json; sourceTree = "<group>"; };
		F0B73F8E2A1B6A900057BDF4 /* UserService.swift */ = {isa = PBXFileReference; lastKnownFileType = sourcecode.swift; path = UserService.swift; sourceTree = "<group>"; };
		F0CA98162A03B3CD00F996D8 /* SelectedCityCountyCell.swift */ = {isa = PBXFileReference; lastKnownFileType = sourcecode.swift; path = SelectedCityCountyCell.swift; sourceTree = "<group>"; };
		F0CA981F2A0438C800F996D8 /* AnimationView.swift */ = {isa = PBXFileReference; lastKnownFileType = sourcecode.swift; path = AnimationView.swift; sourceTree = "<group>"; };
		F0CDE30529F51EDD0050D81B /* VerticalCollectionCell.swift */ = {isa = PBXFileReference; lastKnownFileType = sourcecode.swift; path = VerticalCollectionCell.swift; sourceTree = "<group>"; };
		F0D70D0129FD1B6900CA4C39 /* TRCityModel.swift */ = {isa = PBXFileReference; lastKnownFileType = sourcecode.swift; path = TRCityModel.swift; sourceTree = "<group>"; };
		F0D70D0329FD1B9600CA4C39 /* TRCountyModel.swift */ = {isa = PBXFileReference; lastKnownFileType = sourcecode.swift; path = TRCountyModel.swift; sourceTree = "<group>"; };
		F0D70D0529FD1DF800CA4C39 /* PharmacyModel.swift */ = {isa = PBXFileReference; lastKnownFileType = sourcecode.swift; path = PharmacyModel.swift; sourceTree = "<group>"; };
		F0D70D0729FD1E3400CA4C39 /* NetworkEndPointCases.swift */ = {isa = PBXFileReference; lastKnownFileType = sourcecode.swift; path = NetworkEndPointCases.swift; sourceTree = "<group>"; };
		F0D70D0929FD219900CA4C39 /* NetworkEndPoint.swift */ = {isa = PBXFileReference; lastKnownFileType = sourcecode.swift; path = NetworkEndPoint.swift; sourceTree = "<group>"; };
		F0D70D0B29FD2C6B00CA4C39 /* NetworkAPIConstant.swift */ = {isa = PBXFileReference; lastKnownFileType = sourcecode.swift; path = NetworkAPIConstant.swift; sourceTree = "<group>"; };
		F0D73A142A00CCBB00D4F58D /* SearchResultView.swift */ = {isa = PBXFileReference; lastKnownFileType = sourcecode.swift; path = SearchResultView.swift; sourceTree = "<group>"; };
		F0D73A162A00CCEC00D4F58D /* SearchResultController.swift */ = {isa = PBXFileReference; lastKnownFileType = sourcecode.swift; path = SearchResultController.swift; sourceTree = "<group>"; };
		F0D73A182A00CF5B00D4F58D /* SearchResultViewModel.swift */ = {isa = PBXFileReference; lastKnownFileType = sourcecode.swift; path = SearchResultViewModel.swift; sourceTree = "<group>"; };
		F0D77CF429F680240061C85E /* MainCollectionSectionModel.swift */ = {isa = PBXFileReference; lastKnownFileType = sourcecode.swift; path = MainCollectionSectionModel.swift; sourceTree = "<group>"; };
		F0D77CF729F929160061C85E /* MapController.swift */ = {isa = PBXFileReference; lastKnownFileType = sourcecode.swift; path = MapController.swift; sourceTree = "<group>"; };
		F0D77CFC29F929D30061C85E /* MapView.swift */ = {isa = PBXFileReference; lastKnownFileType = sourcecode.swift; path = MapView.swift; sourceTree = "<group>"; };
		F0D77D0529FA72390061C85E /* NetworkManager.swift */ = {isa = PBXFileReference; lastKnownFileType = sourcecode.swift; path = NetworkManager.swift; sourceTree = "<group>"; };
		F0D77D0C29FA823B0061C85E /* NetworkConstants.swift */ = {isa = PBXFileReference; lastKnownFileType = sourcecode.swift; path = NetworkConstants.swift; sourceTree = "<group>"; };
		F0DEB6CB2A0A34F000E07D24 /* SharedCell1.swift */ = {isa = PBXFileReference; lastKnownFileType = sourcecode.swift; path = SharedCell1.swift; sourceTree = "<group>"; };
		F0E975DD2A1753E300C5A607 /* UIButton+CellButtonActions.swift */ = {isa = PBXFileReference; lastKnownFileType = sourcecode.swift; path = "UIButton+CellButtonActions.swift"; sourceTree = "<group>"; };
		F0E975DF2A1762BC00C5A607 /* UIApplication+TopViewController.swift */ = {isa = PBXFileReference; lastKnownFileType = sourcecode.swift; path = "UIApplication+TopViewController.swift"; sourceTree = "<group>"; };
		F0E975E22A1786FF00C5A607 /* MapViewModel.swift */ = {isa = PBXFileReference; lastKnownFileType = sourcecode.swift; path = MapViewModel.swift; sourceTree = "<group>"; };
		F0EE779D2A052DEF007BF9A7 /* FloatingController.swift */ = {isa = PBXFileReference; lastKnownFileType = sourcecode.swift; path = FloatingController.swift; sourceTree = "<group>"; };
		F0EE77A22A052EE1007BF9A7 /* FloatingView.swift */ = {isa = PBXFileReference; lastKnownFileType = sourcecode.swift; path = FloatingView.swift; sourceTree = "<group>"; };
		F0EE77A52A054708007BF9A7 /* FloatingViewModel.swift */ = {isa = PBXFileReference; lastKnownFileType = sourcecode.swift; path = FloatingViewModel.swift; sourceTree = "<group>"; };
		F0EE77A72A054C04007BF9A7 /* MapCoordinator.swift */ = {isa = PBXFileReference; lastKnownFileType = sourcecode.swift; path = MapCoordinator.swift; sourceTree = "<group>"; };
/* End PBXFileReference section */

/* Begin PBXFrameworksBuildPhase section */
		F072587429F284EC00F625CE /* Frameworks */ = {
			isa = PBXFrameworksBuildPhase;
			buildActionMask = 2147483647;
			files = (
				F03380C12A1E91AB00B120E7 /* FirebaseAnalyticsSwift in Frameworks */,
				F0D77D0929FA724D0061C85E /* Alamofire in Frameworks */,
				F0D77CF029F668CF0061C85E /* RxSwift in Frameworks */,
				F00E6BC72A1954E100633FC4 /* GoogleSignIn in Frameworks */,
				F096A2882A13A7230084947F /* SideMenu in Frameworks */,
				F0D77CF329F668FB0061C85E /* RxDataSources in Frameworks */,
				F0D77CEE29F668CF0061C85E /* RxCocoa in Frameworks */,
				F03380BF2A1E91AB00B120E7 /* FirebaseAnalytics in Frameworks */,
				F03380B52A1E535E00B120E7 /* RevenueCat in Frameworks */,
				F07258A329F2E19200F625CE /* SnapKit in Frameworks */,
				F03380C32A1E91AB00B120E7 /* FirebaseAuth in Frameworks */,
				F0EE779C2A052DAE007BF9A7 /* FloatingPanel in Frameworks */,
				F0CA981A2A0437ED00F996D8 /* Lottie in Frameworks */,
				F03380C52A1E91AB00B120E7 /* FirebaseFirestore in Frameworks */,
			);
			runOnlyForDeploymentPostprocessing = 0;
		};
/* End PBXFrameworksBuildPhase section */

/* Begin PBXGroup section */
		F00E6BB52A18F89700633FC4 /* PayWall */ = {
			isa = PBXGroup;
			children = (
				F00E6BB62A18F89C00633FC4 /* View */,
				F03380B62A1E538100B120E7 /* ViewModel */,
			);
			path = PayWall;
			sourceTree = "<group>";
		};
		F00E6BB62A18F89C00633FC4 /* View */ = {
			isa = PBXGroup;
			children = (
				F00E6BB72A18F8AB00633FC4 /* PayWallView.swift */,
				F00E6BBC2A19054900633FC4 /* PayWallController.swift */,
			);
			path = View;
			sourceTree = "<group>";
		};
		F00E6BB92A18FA4000633FC4 /* Buttons */ = {
			isa = PBXGroup;
			children = (
				F00E6BBA2A18FA5700633FC4 /* PayWallPlanButton.swift */,
				F00E6BCE2A195DE000633FC4 /* GoogleSignInButton.swift */,
			);
			path = Buttons;
			sourceTree = "<group>";
		};
		F00E6BC82A19581800633FC4 /* Auth */ = {
			isa = PBXGroup;
			children = (
				F00E6BC92A19581D00633FC4 /* SignIn */,
			);
			path = Auth;
			sourceTree = "<group>";
		};
		F00E6BC92A19581D00633FC4 /* SignIn */ = {
			isa = PBXGroup;
			children = (
				F00E6BCB2A19582700633FC4 /* ViewModel */,
				F00E6BCA2A19582300633FC4 /* View */,
			);
			path = SignIn;
			sourceTree = "<group>";
		};
		F00E6BCA2A19582300633FC4 /* View */ = {
			isa = PBXGroup;
			children = (
				F00E6BD02A195F1F00633FC4 /* SignInView.swift */,
				F00E6BD32A19656300633FC4 /* SignInViewController.swift */,
			);
			path = View;
			sourceTree = "<group>";
		};
		F00E6BCB2A19582700633FC4 /* ViewModel */ = {
			isa = PBXGroup;
			children = (
				F00E6BCC2A19583C00633FC4 /* SignInViewModel.swift */,
			);
			path = ViewModel;
			sourceTree = "<group>";
		};
		F03380AB2A1E52A500B120E7 /* IAP */ = {
			isa = PBXGroup;
			children = (
				F03380AC2A1E52B900B120E7 /* Core */,
				F03380B92A1E545F00B120E7 /* Configuration.storekit */,
				F03380BB2A1E553400B120E7 /* StoreKitTestCertificate10.cer */,
			);
			path = IAP;
			sourceTree = "<group>";
		};
		F03380AC2A1E52B900B120E7 /* Core */ = {
			isa = PBXGroup;
			children = (
				F03380AD2A1E52BF00B120E7 /* IAPConstants.swift */,
				F03380AE2A1E52BF00B120E7 /* IAPManager.swift */,
			);
			path = Core;
			sourceTree = "<group>";
		};
		F03380B62A1E538100B120E7 /* ViewModel */ = {
			isa = PBXGroup;
			children = (
				F03380B72A1E538B00B120E7 /* PayWallViewModel.swift */,
			);
			path = ViewModel;
			sourceTree = "<group>";
		};
		F03B830B29FBD6F2006C5AFC /* Service */ = {
			isa = PBXGroup;
			children = (
				F03B830E29FBD716006C5AFC /* NetworkService.swift */,
				F0B73F8E2A1B6A900057BDF4 /* UserService.swift */,
			);
			path = Service;
			sourceTree = "<group>";
		};
		F061C2B92A0650C500D1E485 /* Model */ = {
			isa = PBXGroup;
			children = (
				F0D70D0129FD1B6900CA4C39 /* TRCityModel.swift */,
				F06BEE7329FFD2690013E22D /* ENCityModel.swift */,
				F0D70D0329FD1B9600CA4C39 /* TRCountyModel.swift */,
				F06BEE7529FFD4240013E22D /* ENCountyModel.swift */,
			);
			path = Model;
			sourceTree = "<group>";
		};
		F065528A2A1817C2008897A7 /* AlertController */ = {
			isa = PBXGroup;
			children = (
				F065528B2A1817E0008897A7 /* MapAlertController.swift */,
			);
			path = AlertController;
			sourceTree = "<group>";
		};
		F06773BC2A0C00F200B4BFC4 /* HeaderView */ = {
			isa = PBXGroup;
			children = (
				F06773BD2A0C02B000B4BFC4 /* PlacesTableHeaderView.swift */,
			);
			path = HeaderView;
			sourceTree = "<group>";
		};
		F072586E29F284EC00F625CE = {
			isa = PBXGroup;
			children = (
				F072587929F284EC00F625CE /* SaglikYerleri */,
				F072587829F284EC00F625CE /* Products */,
			);
			sourceTree = "<group>";
		};
		F072587829F284EC00F625CE /* Products */ = {
			isa = PBXGroup;
			children = (
				F072587729F284EC00F625CE /* SaglikYerleri.app */,
			);
			name = Products;
			sourceTree = "<group>";
		};
		F072587929F284EC00F625CE /* SaglikYerleri */ = {
			isa = PBXGroup;
			children = (
				F072588E29F2857900F625CE /* App */,
				F07258B529F32B0000F625CE /* Components */,
				F072589629F2CF1900F625CE /* Protocols */,
				F07258A429F2E3DD00F625CE /* Extensions */,
				F072589129F285DA00F625CE /* Scenes */,
				F0D77D0329FA71AF0061C85E /* Network */,
				F03380AB2A1E52A500B120E7 /* IAP */,
				F072588F29F2858400F625CE /* Support */,
				F072589029F2859000F625CE /* Resources */,
			);
			path = SaglikYerleri;
			sourceTree = "<group>";
		};
		F072588E29F2857900F625CE /* App */ = {
			isa = PBXGroup;
			children = (
				F072587A29F284EC00F625CE /* AppDelegate.swift */,
				F072587C29F284EC00F625CE /* SceneDelegate.swift */,
			);
			path = App;
			sourceTree = "<group>";
		};
		F072588F29F2858400F625CE /* Support */ = {
			isa = PBXGroup;
			children = (
				F03380C62A1EAF3900B120E7 /* GoogleService-Info.plist */,
				F072588829F284ED00F625CE /* Info.plist */,
			);
			path = Support;
			sourceTree = "<group>";
		};
		F072589029F2859000F625CE /* Resources */ = {
			isa = PBXGroup;
			children = (
				F0CA981B2A0437F700F996D8 /* LottieAnimations */,
				F072588329F284ED00F625CE /* Assets.xcassets */,
				F072588529F284ED00F625CE /* LaunchScreen.storyboard */,
			);
			path = Resources;
			sourceTree = "<group>";
		};
		F072589129F285DA00F625CE /* Scenes */ = {
			isa = PBXGroup;
			children = (
				F00E6BC82A19581800633FC4 /* Auth */,
				F00E6BB52A18F89700633FC4 /* PayWall */,
				F096A2932A14AB2D0084947F /* Splash */,
				F072589229F285E200F625CE /* Home */,
				F0D77CF629F928ED0061C85E /* SearchMap */,
			);
			path = Scenes;
			sourceTree = "<group>";
		};
		F072589229F285E200F625CE /* Home */ = {
			isa = PBXGroup;
			children = (
				F096A2892A13A7440084947F /* Main */,
				F096A28A2A13A7780084947F /* SideMenu */,
			);
			path = Home;
			sourceTree = "<group>";
		};
		F072589329F285E700F625CE /* View */ = {
			isa = PBXGroup;
			children = (
				F07258B229F31BCB00F625CE /* HeaderView */,
				F07258A929F30FA700F625CE /* Cells */,
				F072589429F285F600F625CE /* MainController.swift */,
				F072589D29F2DFCE00F625CE /* MainView.swift */,
			);
			path = View;
			sourceTree = "<group>";
		};
		F072589629F2CF1900F625CE /* Protocols */ = {
			isa = PBXGroup;
			children = (
				F072589729F2CF2800F625CE /* Coordinator.swift */,
				F072589F29F2E08F00F625CE /* ViewProtocol.swift */,
				F07258BB29F338B200F625CE /* CellProtocol.swift */,
				F061C2B72A0633AF00D1E485 /* MapCoordinatorProtocol.swift */,
			);
			path = Protocols;
			sourceTree = "<group>";
		};
		F07258A429F2E3DD00F625CE /* Extensions */ = {
			isa = PBXGroup;
			children = (
				F096A2912A13C2580084947F /* UIView+GradiantView.swift */,
				F07258A529F2E3FF00F625CE /* UIColor+HEXColor.swift */,
				F0E975DD2A1753E300C5A607 /* UIButton+CellButtonActions.swift */,
				F0E975DF2A1762BC00C5A607 /* UIApplication+TopViewController.swift */,
				F06552882A181059008897A7 /* UIViewController+ShowToast.swift */,
			);
			path = Extensions;
			sourceTree = "<group>";
		};
		F07258A929F30FA700F625CE /* Cells */ = {
			isa = PBXGroup;
			children = (
				F07258B929F3386400F625CE /* HorizontalCollectionCell.swift */,
				F0CDE30529F51EDD0050D81B /* VerticalCollectionCell.swift */,
			);
			path = Cells;
			sourceTree = "<group>";
		};
		F07258B229F31BCB00F625CE /* HeaderView */ = {
			isa = PBXGroup;
			children = (
				F07258B329F31BF900F625CE /* MainCollectionHeaderView.swift */,
			);
			path = HeaderView;
			sourceTree = "<group>";
		};
		F07258B529F32B0000F625CE /* Components */ = {
			isa = PBXGroup;
			children = (
				F00E6BB92A18FA4000633FC4 /* Buttons */,
				F065528A2A1817C2008897A7 /* AlertController */,
				F0CA981E2A04383E00F996D8 /* View */,
				F07258B629F32B0E00F625CE /* TextField */,
			);
			path = Components;
			sourceTree = "<group>";
		};
		F07258B629F32B0E00F625CE /* TextField */ = {
			isa = PBXGroup;
			children = (
				F07258B729F32B2F00F625CE /* CustomTextField.swift */,
			);
			path = TextField;
			sourceTree = "<group>";
		};
		F07258BD29F33F8000F625CE /* ViewModel */ = {
			isa = PBXGroup;
			children = (
				F07258BE29F33F9800F625CE /* MainViewModel.swift */,
			);
			path = ViewModel;
			sourceTree = "<group>";
		};
		F07258C029F3414300F625CE /* Model */ = {
			isa = PBXGroup;
			children = (
				F061C2C62A06565700D1E485 /* MainHorizontalCollectionModel.swift */,
				F07258C129F3416400F625CE /* MainCollectionModel.swift */,
				F0D77CF429F680240061C85E /* MainCollectionSectionModel.swift */,
			);
			path = Model;
			sourceTree = "<group>";
		};
		F096A2892A13A7440084947F /* Main */ = {
			isa = PBXGroup;
			children = (
				F072589B29F2D89900F625CE /* MainCoordinator.swift */,
				F07258C029F3414300F625CE /* Model */,
				F072589329F285E700F625CE /* View */,
				F07258BD29F33F8000F625CE /* ViewModel */,
			);
			path = Main;
			sourceTree = "<group>";
		};
		F096A28A2A13A7780084947F /* SideMenu */ = {
			isa = PBXGroup;
			children = (
				F096A28B2A13A7800084947F /* View */,
			);
			path = SideMenu;
			sourceTree = "<group>";
		};
		F096A28B2A13A7800084947F /* View */ = {
			isa = PBXGroup;
			children = (
				F096A28C2A13A78E0084947F /* SideMenuView.swift */,
				F096A28F2A13A7AE0084947F /* SideMenuController.swift */,
			);
			path = View;
			sourceTree = "<group>";
		};
		F096A2932A14AB2D0084947F /* Splash */ = {
			isa = PBXGroup;
			children = (
				F096A29B2A14AF1D0084947F /* SplashCoordinator.swift */,
				F096A2942A14AB340084947F /* View */,
			);
			path = Splash;
			sourceTree = "<group>";
		};
		F096A2942A14AB340084947F /* View */ = {
			isa = PBXGroup;
			children = (
				F096A2952A14AB420084947F /* SplashController.swift */,
				F096A2972A14AB500084947F /* SplashView.swift */,
			);
			path = View;
			sourceTree = "<group>";
		};
		F0CA98152A03B39800F996D8 /* Cells */ = {
			isa = PBXGroup;
			children = (
				F0CA98162A03B3CD00F996D8 /* SelectedCityCountyCell.swift */,
			);
			path = Cells;
			sourceTree = "<group>";
		};
		F0CA981B2A0437F700F996D8 /* LottieAnimations */ = {
			isa = PBXGroup;
			children = (
				F096A2A32A14BD130084947F /* LoadingAnimation.json */,
				F096A2992A14ABE60084947F /* SplashAnimation.json */,
			);
			path = LottieAnimations;
			sourceTree = "<group>";
		};
		F0CA981E2A04383E00F996D8 /* View */ = {
			isa = PBXGroup;
			children = (
				F0CA981F2A0438C800F996D8 /* AnimationView.swift */,
				F06552842A17F7B7008897A7 /* CustomAnnotationView.swift */,
			);
			path = View;
			sourceTree = "<group>";
		};
		F0D70D0029FD183700CA4C39 /* Model */ = {
			isa = PBXGroup;
			children = (
				F0D70D0529FD1DF800CA4C39 /* PharmacyModel.swift */,
				F06BEE7D29FFD9010013E22D /* MedicalLaboratoryModel.swift */,
				F06BEE7F29FFDA020013E22D /* RadiologyCenterModel.swift */,
				F06BEE7729FFD63E0013E22D /* HospitalModel.swift */,
				F06BEE7929FFD70D0013E22D /* HealthCenterModel.swift */,
				F06BEE7B29FFD80E0013E22D /* DentalCenterModel.swift */,
				F06BEE8129FFDA7C0013E22D /* AnimalHospitalModel.swift */,
				F06BEE8329FFDAEE0013E22D /* PsychologyCenterModel.swift */,
				F06BEE8529FFDB470013E22D /* GynecologyCenterModel.swift */,
				F06BEE8729FFDBC00013E22D /* OptikCenterModel.swift */,
				F061C2BA2A06530700D1E485 /* SpaCenterModel.swift */,
				F061C2BC2A06539400D1E485 /* PhysiotheraphyCenterModel.swift */,
				F061C2BE2A06540400D1E485 /* DialysisCenterModel.swift */,
				F061C2C02A06545C00D1E485 /* EmergencyCenterModel.swift */,
				F061C2C22A06550C00D1E485 /* MedicalShopCenterModel.swift */,
				F061C2C42A0655D500D1E485 /* PrivateDentalCenterModel.swift */,
			);
			path = Model;
			sourceTree = "<group>";
		};
		F0D73A102A00CC6D00D4F58D /* SearchResult */ = {
			isa = PBXGroup;
			children = (
				F061C2B92A0650C500D1E485 /* Model */,
				F0D73A122A00CC9200D4F58D /* View */,
				F0D73A132A00CC9A00D4F58D /* ViewModel */,
			);
			path = SearchResult;
			sourceTree = "<group>";
		};
		F0D73A112A00CC7400D4F58D /* Map */ = {
			isa = PBXGroup;
			children = (
				F0EE77A72A054C04007BF9A7 /* MapCoordinator.swift */,
				F0D77CF929F929AB0061C85E /* View */,
				F0E975E12A1786E500C5A607 /* ViewModel */,
			);
			path = Map;
			sourceTree = "<group>";
		};
		F0D73A122A00CC9200D4F58D /* View */ = {
			isa = PBXGroup;
			children = (
				F0CA98152A03B39800F996D8 /* Cells */,
				F0D73A142A00CCBB00D4F58D /* SearchResultView.swift */,
				F0D73A162A00CCEC00D4F58D /* SearchResultController.swift */,
			);
			path = View;
			sourceTree = "<group>";
		};
		F0D73A132A00CC9A00D4F58D /* ViewModel */ = {
			isa = PBXGroup;
			children = (
				F0D73A182A00CF5B00D4F58D /* SearchResultViewModel.swift */,
			);
			path = ViewModel;
			sourceTree = "<group>";
		};
		F0D77CF629F928ED0061C85E /* SearchMap */ = {
			isa = PBXGroup;
			children = (
				F0D73A112A00CC7400D4F58D /* Map */,
				F0D73A102A00CC6D00D4F58D /* SearchResult */,
				F0EE77992A052BF7007BF9A7 /* FloatingPanel */,
			);
			path = SearchMap;
			sourceTree = "<group>";
		};
		F0D77CF929F929AB0061C85E /* View */ = {
			isa = PBXGroup;
			children = (
				F0D77CFC29F929D30061C85E /* MapView.swift */,
				F0D77CF729F929160061C85E /* MapController.swift */,
			);
			path = View;
			sourceTree = "<group>";
		};
		F0D77D0329FA71AF0061C85E /* Network */ = {
			isa = PBXGroup;
			children = (
				F03B830B29FBD6F2006C5AFC /* Service */,
				F0D77D0429FA722C0061C85E /* Core */,
			);
			path = Network;
			sourceTree = "<group>";
		};
		F0D77D0429FA722C0061C85E /* Core */ = {
			isa = PBXGroup;
			children = (
				F0D77D0C29FA823B0061C85E /* NetworkConstants.swift */,
				F0D70D0929FD219900CA4C39 /* NetworkEndPoint.swift */,
				F0D70D0729FD1E3400CA4C39 /* NetworkEndPointCases.swift */,
				F0D77D0529FA72390061C85E /* NetworkManager.swift */,
				F0D70D0B29FD2C6B00CA4C39 /* NetworkAPIConstant.swift */,
			);
			path = Core;
			sourceTree = "<group>";
		};
		F0E975E12A1786E500C5A607 /* ViewModel */ = {
			isa = PBXGroup;
			children = (
				F0E975E22A1786FF00C5A607 /* MapViewModel.swift */,
			);
			path = ViewModel;
			sourceTree = "<group>";
		};
		F0EE77992A052BF7007BF9A7 /* FloatingPanel */ = {
			isa = PBXGroup;
			children = (
				F0D70D0029FD183700CA4C39 /* Model */,
				F0EE779F2A052DF3007BF9A7 /* View */,
			);
			path = FloatingPanel;
			sourceTree = "<group>";
		};
		F0EE779F2A052DF3007BF9A7 /* View */ = {
			isa = PBXGroup;
			children = (
				F06773BC2A0C00F200B4BFC4 /* HeaderView */,
				F0EE77A42A0546DD007BF9A7 /* Cells */,
				F0EE77A22A052EE1007BF9A7 /* FloatingView.swift */,
				F0EE779D2A052DEF007BF9A7 /* FloatingController.swift */,
				F0EE77A12A052E01007BF9A7 /* ViewModel */,
			);
			path = View;
			sourceTree = "<group>";
		};
		F0EE77A12A052E01007BF9A7 /* ViewModel */ = {
			isa = PBXGroup;
			children = (
				F0EE77A52A054708007BF9A7 /* FloatingViewModel.swift */,
			);
			path = ViewModel;
			sourceTree = "<group>";
		};
		F0EE77A42A0546DD007BF9A7 /* Cells */ = {
			isa = PBXGroup;
			children = (
				F064585F2A0956EE00B17BF1 /* PharmacyCell.swift */,
				F0DEB6CB2A0A34F000E07D24 /* SharedCell1.swift */,
				F06773BA2A0BBA5100B4BFC4 /* SharedCell2.swift */,
			);
			path = Cells;
			sourceTree = "<group>";
		};
/* End PBXGroup section */

/* Begin PBXNativeTarget section */
		F072587629F284EC00F625CE /* SaglikYerleri */ = {
			isa = PBXNativeTarget;
			buildConfigurationList = F072588B29F284ED00F625CE /* Build configuration list for PBXNativeTarget "SaglikYerleri" */;
			buildPhases = (
				F072587329F284EC00F625CE /* Sources */,
				F072587429F284EC00F625CE /* Frameworks */,
				F072587529F284EC00F625CE /* Resources */,
			);
			buildRules = (
			);
			dependencies = (
			);
			name = SaglikYerleri;
			packageProductDependencies = (
				F07258A229F2E19200F625CE /* SnapKit */,
				F0D77CED29F668CF0061C85E /* RxCocoa */,
				F0D77CEF29F668CF0061C85E /* RxSwift */,
				F0D77CF229F668FB0061C85E /* RxDataSources */,
				F0D77D0829FA724D0061C85E /* Alamofire */,
				F0CA98192A0437ED00F996D8 /* Lottie */,
				F0EE779B2A052DAE007BF9A7 /* FloatingPanel */,
				F096A2872A13A7230084947F /* SideMenu */,
				F00E6BC62A1954E100633FC4 /* GoogleSignIn */,
				F03380B42A1E535E00B120E7 /* RevenueCat */,
				F03380BE2A1E91AB00B120E7 /* FirebaseAnalytics */,
				F03380C02A1E91AB00B120E7 /* FirebaseAnalyticsSwift */,
				F03380C22A1E91AB00B120E7 /* FirebaseAuth */,
				F03380C42A1E91AB00B120E7 /* FirebaseFirestore */,
			);
			productName = SaglikYerleri;
			productReference = F072587729F284EC00F625CE /* SaglikYerleri.app */;
			productType = "com.apple.product-type.application";
		};
/* End PBXNativeTarget section */

/* Begin PBXProject section */
		F072586F29F284EC00F625CE /* Project object */ = {
			isa = PBXProject;
			attributes = {
				BuildIndependentTargetsInParallel = 1;
				LastSwiftUpdateCheck = 1430;
				LastUpgradeCheck = 1430;
				TargetAttributes = {
					F072587629F284EC00F625CE = {
						CreatedOnToolsVersion = 14.3;
					};
				};
			};
			buildConfigurationList = F072587229F284EC00F625CE /* Build configuration list for PBXProject "SaglikYerleri" */;
			compatibilityVersion = "Xcode 14.0";
			developmentRegion = en;
			hasScannedForEncodings = 0;
			knownRegions = (
				en,
				Base,
			);
			mainGroup = F072586E29F284EC00F625CE;
			packageReferences = (
				F07258A129F2E19200F625CE /* XCRemoteSwiftPackageReference "SnapKit" */,
				F0D77CEC29F668CF0061C85E /* XCRemoteSwiftPackageReference "RxSwift" */,
				F0D77CF129F668FB0061C85E /* XCRemoteSwiftPackageReference "RxDataSources" */,
				F0D77D0729FA724D0061C85E /* XCRemoteSwiftPackageReference "Alamofire" */,
				F0CA98182A0437ED00F996D8 /* XCRemoteSwiftPackageReference "lottie-ios" */,
				F0EE779A2A052DAE007BF9A7 /* XCRemoteSwiftPackageReference "FloatingPanel" */,
				F096A2862A13A7230084947F /* XCRemoteSwiftPackageReference "SideMenu" */,
				F00E6BC52A1954E100633FC4 /* XCRemoteSwiftPackageReference "GoogleSignIn-iOS" */,
				F03380B32A1E535E00B120E7 /* XCRemoteSwiftPackageReference "purchases-ios" */,
				F03380BD2A1E91AB00B120E7 /* XCRemoteSwiftPackageReference "firebase-ios-sdk" */,
			);
			productRefGroup = F072587829F284EC00F625CE /* Products */;
			projectDirPath = "";
			projectRoot = "";
			targets = (
				F072587629F284EC00F625CE /* SaglikYerleri */,
			);
		};
/* End PBXProject section */

/* Begin PBXResourcesBuildPhase section */
		F072587529F284EC00F625CE /* Resources */ = {
			isa = PBXResourcesBuildPhase;
			buildActionMask = 2147483647;
			files = (
				F072588729F284ED00F625CE /* LaunchScreen.storyboard in Resources */,
				F03380BA2A1E545F00B120E7 /* Configuration.storekit in Resources */,
				F096A29A2A14ABE60084947F /* SplashAnimation.json in Resources */,
				F03380BC2A1E553400B120E7 /* StoreKitTestCertificate10.cer in Resources */,
				F096A2A42A14BD130084947F /* LoadingAnimation.json in Resources */,
				F072588429F284ED00F625CE /* Assets.xcassets in Resources */,
				F03380C72A1EAF3900B120E7 /* GoogleService-Info.plist in Resources */,
			);
			runOnlyForDeploymentPostprocessing = 0;
		};
/* End PBXResourcesBuildPhase section */

/* Begin PBXSourcesBuildPhase section */
		F072587329F284EC00F625CE /* Sources */ = {
			isa = PBXSourcesBuildPhase;
			buildActionMask = 2147483647;
			files = (
				F061C2BF2A06540400D1E485 /* DialysisCenterModel.swift in Sources */,
				F0EE779E2A052DEF007BF9A7 /* FloatingController.swift in Sources */,
				F0D70D0629FD1DF800CA4C39 /* PharmacyModel.swift in Sources */,
				F06BEE7C29FFD80E0013E22D /* DentalCenterModel.swift in Sources */,
				F03B830F29FBD716006C5AFC /* NetworkService.swift in Sources */,
				F0E975E02A1762BC00C5A607 /* UIApplication+TopViewController.swift in Sources */,
				F0D77D0D29FA823B0061C85E /* NetworkConstants.swift in Sources */,
				F0CA98172A03B3CD00F996D8 /* SelectedCityCountyCell.swift in Sources */,
				F06BEE7829FFD63E0013E22D /* HospitalModel.swift in Sources */,
				F061C2C52A0655D500D1E485 /* PrivateDentalCenterModel.swift in Sources */,
				F06BEE7A29FFD70D0013E22D /* HealthCenterModel.swift in Sources */,
				F061C2C72A06565700D1E485 /* MainHorizontalCollectionModel.swift in Sources */,
				F07258B429F31BF900F625CE /* MainCollectionHeaderView.swift in Sources */,
				F0D73A192A00CF5B00D4F58D /* SearchResultViewModel.swift in Sources */,
				F00E6BCD2A19583C00633FC4 /* SignInViewModel.swift in Sources */,
				F072589829F2CF2800F625CE /* Coordinator.swift in Sources */,
				F096A29C2A14AF1D0084947F /* SplashCoordinator.swift in Sources */,
				F0D70D0229FD1B6900CA4C39 /* TRCityModel.swift in Sources */,
				F0D73A152A00CCBB00D4F58D /* SearchResultView.swift in Sources */,
				F072589E29F2DFCE00F625CE /* MainView.swift in Sources */,
				F096A2922A13C2580084947F /* UIView+GradiantView.swift in Sources */,
				F0D70D0829FD1E3400CA4C39 /* NetworkEndPointCases.swift in Sources */,
				F06BEE7629FFD4240013E22D /* ENCountyModel.swift in Sources */,
				F0EE77A32A052EE1007BF9A7 /* FloatingView.swift in Sources */,
				F00E6BCF2A195DE000633FC4 /* GoogleSignInButton.swift in Sources */,
				F072589C29F2D89A00F625CE /* MainCoordinator.swift in Sources */,
				F096A28D2A13A78E0084947F /* SideMenuView.swift in Sources */,
				F0D70D0A29FD219900CA4C39 /* NetworkEndPoint.swift in Sources */,
				F0D70D0429FD1B9600CA4C39 /* TRCountyModel.swift in Sources */,
				F0D77CF529F680240061C85E /* MainCollectionSectionModel.swift in Sources */,
				F06552852A17F7B7008897A7 /* CustomAnnotationView.swift in Sources */,
				F096A2962A14AB420084947F /* SplashController.swift in Sources */,
				F07258B829F32B2F00F625CE /* CustomTextField.swift in Sources */,
				F03380B82A1E538B00B120E7 /* PayWallViewModel.swift in Sources */,
				F06BEE8429FFDAEE0013E22D /* PsychologyCenterModel.swift in Sources */,
				F096A2902A13A7AE0084947F /* SideMenuController.swift in Sources */,
				F07258BF29F33F9800F625CE /* MainViewModel.swift in Sources */,
				F03380AF2A1E52BF00B120E7 /* IAPConstants.swift in Sources */,
				F0D77CF829F929160061C85E /* MapController.swift in Sources */,
				F0E975DE2A1753E300C5A607 /* UIButton+CellButtonActions.swift in Sources */,
				F061C2B82A0633AF00D1E485 /* MapCoordinatorProtocol.swift in Sources */,
				F072587B29F284EC00F625CE /* AppDelegate.swift in Sources */,
				F07258A029F2E08F00F625CE /* ViewProtocol.swift in Sources */,
				F0CA98202A0438C800F996D8 /* AnimationView.swift in Sources */,
				F0D77CFD29F929D30061C85E /* MapView.swift in Sources */,
				F06BEE8229FFDA7C0013E22D /* AnimalHospitalModel.swift in Sources */,
				F03380B02A1E52BF00B120E7 /* IAPManager.swift in Sources */,
				F00E6BD42A19656300633FC4 /* SignInViewController.swift in Sources */,
				F00E6BBB2A18FA5700633FC4 /* PayWallPlanButton.swift in Sources */,
				F0D77D0629FA72390061C85E /* NetworkManager.swift in Sources */,
				F07258BC29F338B200F625CE /* CellProtocol.swift in Sources */,
				F0EE77A82A054C04007BF9A7 /* MapCoordinator.swift in Sources */,
				F0D70D0C29FD2C6B00CA4C39 /* NetworkAPIConstant.swift in Sources */,
				F06BEE8629FFDB470013E22D /* GynecologyCenterModel.swift in Sources */,
				F06BEE8029FFDA020013E22D /* RadiologyCenterModel.swift in Sources */,
				F06552892A181059008897A7 /* UIViewController+ShowToast.swift in Sources */,
				F0E975E32A1786FF00C5A607 /* MapViewModel.swift in Sources */,
				F0B73F8F2A1B6A900057BDF4 /* UserService.swift in Sources */,
				F061C2C12A06545C00D1E485 /* EmergencyCenterModel.swift in Sources */,
				F061C2BD2A06539400D1E485 /* PhysiotheraphyCenterModel.swift in Sources */,
				F06BEE7429FFD2690013E22D /* ENCityModel.swift in Sources */,
				F065528C2A1817E0008897A7 /* MapAlertController.swift in Sources */,
				F06BEE7E29FFD9010013E22D /* MedicalLaboratoryModel.swift in Sources */,
				F0EE77A62A054708007BF9A7 /* FloatingViewModel.swift in Sources */,
				F096A2982A14AB500084947F /* SplashView.swift in Sources */,
				F061C2C32A06550C00D1E485 /* MedicalShopCenterModel.swift in Sources */,
				F07258A629F2E3FF00F625CE /* UIColor+HEXColor.swift in Sources */,
				F06BEE8829FFDBC00013E22D /* OptikCenterModel.swift in Sources */,
				F06458602A0956EE00B17BF1 /* PharmacyCell.swift in Sources */,
				F00E6BD12A195F1F00633FC4 /* SignInView.swift in Sources */,
				F07258C229F3416400F625CE /* MainCollectionModel.swift in Sources */,
				F0DEB6CC2A0A34F000E07D24 /* SharedCell1.swift in Sources */,
				F07258BA29F3386400F625CE /* HorizontalCollectionCell.swift in Sources */,
				F06773BE2A0C02B000B4BFC4 /* PlacesTableHeaderView.swift in Sources */,
				F00E6BB82A18F8AB00633FC4 /* PayWallView.swift in Sources */,
				F072589529F285F600F625CE /* MainController.swift in Sources */,
				F00E6BBD2A19054900633FC4 /* PayWallController.swift in Sources */,
				F072587D29F284EC00F625CE /* SceneDelegate.swift in Sources */,
				F0D73A172A00CCEC00D4F58D /* SearchResultController.swift in Sources */,
				F06773BB2A0BBA5100B4BFC4 /* SharedCell2.swift in Sources */,
				F0CDE30629F51EDD0050D81B /* VerticalCollectionCell.swift in Sources */,
				F061C2BB2A06530700D1E485 /* SpaCenterModel.swift in Sources */,
			);
			runOnlyForDeploymentPostprocessing = 0;
		};
/* End PBXSourcesBuildPhase section */

/* Begin PBXVariantGroup section */
		F072588529F284ED00F625CE /* LaunchScreen.storyboard */ = {
			isa = PBXVariantGroup;
			children = (
				F072588629F284ED00F625CE /* Base */,
			);
			name = LaunchScreen.storyboard;
			sourceTree = "<group>";
		};
/* End PBXVariantGroup section */

/* Begin XCBuildConfiguration section */
		F072588929F284ED00F625CE /* Debug */ = {
			isa = XCBuildConfiguration;
			buildSettings = {
				ALWAYS_SEARCH_USER_PATHS = NO;
				CLANG_ANALYZER_NONNULL = YES;
				CLANG_ANALYZER_NUMBER_OBJECT_CONVERSION = YES_AGGRESSIVE;
				CLANG_CXX_LANGUAGE_STANDARD = "gnu++20";
				CLANG_ENABLE_MODULES = YES;
				CLANG_ENABLE_OBJC_ARC = YES;
				CLANG_ENABLE_OBJC_WEAK = YES;
				CLANG_WARN_BLOCK_CAPTURE_AUTORELEASING = YES;
				CLANG_WARN_BOOL_CONVERSION = YES;
				CLANG_WARN_COMMA = YES;
				CLANG_WARN_CONSTANT_CONVERSION = YES;
				CLANG_WARN_DEPRECATED_OBJC_IMPLEMENTATIONS = YES;
				CLANG_WARN_DIRECT_OBJC_ISA_USAGE = YES_ERROR;
				CLANG_WARN_DOCUMENTATION_COMMENTS = YES;
				CLANG_WARN_EMPTY_BODY = YES;
				CLANG_WARN_ENUM_CONVERSION = YES;
				CLANG_WARN_INFINITE_RECURSION = YES;
				CLANG_WARN_INT_CONVERSION = YES;
				CLANG_WARN_NON_LITERAL_NULL_CONVERSION = YES;
				CLANG_WARN_OBJC_IMPLICIT_RETAIN_SELF = YES;
				CLANG_WARN_OBJC_LITERAL_CONVERSION = YES;
				CLANG_WARN_OBJC_ROOT_CLASS = YES_ERROR;
				CLANG_WARN_QUOTED_INCLUDE_IN_FRAMEWORK_HEADER = YES;
				CLANG_WARN_RANGE_LOOP_ANALYSIS = YES;
				CLANG_WARN_STRICT_PROTOTYPES = YES;
				CLANG_WARN_SUSPICIOUS_MOVE = YES;
				CLANG_WARN_UNGUARDED_AVAILABILITY = YES_AGGRESSIVE;
				CLANG_WARN_UNREACHABLE_CODE = YES;
				CLANG_WARN__DUPLICATE_METHOD_MATCH = YES;
				COPY_PHASE_STRIP = NO;
				DEBUG_INFORMATION_FORMAT = dwarf;
				ENABLE_STRICT_OBJC_MSGSEND = YES;
				ENABLE_TESTABILITY = YES;
				GCC_C_LANGUAGE_STANDARD = gnu11;
				GCC_DYNAMIC_NO_PIC = NO;
				GCC_NO_COMMON_BLOCKS = YES;
				GCC_OPTIMIZATION_LEVEL = 0;
				GCC_PREPROCESSOR_DEFINITIONS = (
					"DEBUG=1",
					"$(inherited)",
				);
				GCC_WARN_64_TO_32_BIT_CONVERSION = YES;
				GCC_WARN_ABOUT_RETURN_TYPE = YES_ERROR;
				GCC_WARN_UNDECLARED_SELECTOR = YES;
				GCC_WARN_UNINITIALIZED_AUTOS = YES_AGGRESSIVE;
				GCC_WARN_UNUSED_FUNCTION = YES;
				GCC_WARN_UNUSED_VARIABLE = YES;
				IPHONEOS_DEPLOYMENT_TARGET = 16.4;
				MTL_ENABLE_DEBUG_INFO = INCLUDE_SOURCE;
				MTL_FAST_MATH = YES;
				ONLY_ACTIVE_ARCH = YES;
				SDKROOT = iphoneos;
				SWIFT_ACTIVE_COMPILATION_CONDITIONS = DEBUG;
				SWIFT_OPTIMIZATION_LEVEL = "-Onone";
			};
			name = Debug;
		};
		F072588A29F284ED00F625CE /* Release */ = {
			isa = XCBuildConfiguration;
			buildSettings = {
				ALWAYS_SEARCH_USER_PATHS = NO;
				CLANG_ANALYZER_NONNULL = YES;
				CLANG_ANALYZER_NUMBER_OBJECT_CONVERSION = YES_AGGRESSIVE;
				CLANG_CXX_LANGUAGE_STANDARD = "gnu++20";
				CLANG_ENABLE_MODULES = YES;
				CLANG_ENABLE_OBJC_ARC = YES;
				CLANG_ENABLE_OBJC_WEAK = YES;
				CLANG_WARN_BLOCK_CAPTURE_AUTORELEASING = YES;
				CLANG_WARN_BOOL_CONVERSION = YES;
				CLANG_WARN_COMMA = YES;
				CLANG_WARN_CONSTANT_CONVERSION = YES;
				CLANG_WARN_DEPRECATED_OBJC_IMPLEMENTATIONS = YES;
				CLANG_WARN_DIRECT_OBJC_ISA_USAGE = YES_ERROR;
				CLANG_WARN_DOCUMENTATION_COMMENTS = YES;
				CLANG_WARN_EMPTY_BODY = YES;
				CLANG_WARN_ENUM_CONVERSION = YES;
				CLANG_WARN_INFINITE_RECURSION = YES;
				CLANG_WARN_INT_CONVERSION = YES;
				CLANG_WARN_NON_LITERAL_NULL_CONVERSION = YES;
				CLANG_WARN_OBJC_IMPLICIT_RETAIN_SELF = YES;
				CLANG_WARN_OBJC_LITERAL_CONVERSION = YES;
				CLANG_WARN_OBJC_ROOT_CLASS = YES_ERROR;
				CLANG_WARN_QUOTED_INCLUDE_IN_FRAMEWORK_HEADER = YES;
				CLANG_WARN_RANGE_LOOP_ANALYSIS = YES;
				CLANG_WARN_STRICT_PROTOTYPES = YES;
				CLANG_WARN_SUSPICIOUS_MOVE = YES;
				CLANG_WARN_UNGUARDED_AVAILABILITY = YES_AGGRESSIVE;
				CLANG_WARN_UNREACHABLE_CODE = YES;
				CLANG_WARN__DUPLICATE_METHOD_MATCH = YES;
				COPY_PHASE_STRIP = NO;
				DEBUG_INFORMATION_FORMAT = "dwarf-with-dsym";
				ENABLE_NS_ASSERTIONS = NO;
				ENABLE_STRICT_OBJC_MSGSEND = YES;
				GCC_C_LANGUAGE_STANDARD = gnu11;
				GCC_NO_COMMON_BLOCKS = YES;
				GCC_WARN_64_TO_32_BIT_CONVERSION = YES;
				GCC_WARN_ABOUT_RETURN_TYPE = YES_ERROR;
				GCC_WARN_UNDECLARED_SELECTOR = YES;
				GCC_WARN_UNINITIALIZED_AUTOS = YES_AGGRESSIVE;
				GCC_WARN_UNUSED_FUNCTION = YES;
				GCC_WARN_UNUSED_VARIABLE = YES;
				IPHONEOS_DEPLOYMENT_TARGET = 16.4;
				MTL_ENABLE_DEBUG_INFO = NO;
				MTL_FAST_MATH = YES;
				SDKROOT = iphoneos;
				SWIFT_COMPILATION_MODE = wholemodule;
				SWIFT_OPTIMIZATION_LEVEL = "-O";
				VALIDATE_PRODUCT = YES;
			};
			name = Release;
		};
		F072588C29F284ED00F625CE /* Debug */ = {
			isa = XCBuildConfiguration;
			buildSettings = {
				ASSETCATALOG_COMPILER_APPICON_NAME = AppIcon;
				ASSETCATALOG_COMPILER_GLOBAL_ACCENT_COLOR_NAME = AccentColor;
				CODE_SIGN_STYLE = Automatic;
				CURRENT_PROJECT_VERSION = 1;
				DEVELOPMENT_TEAM = 78Y3UD747G;
				GENERATE_INFOPLIST_FILE = YES;
				INFOPLIST_FILE = SaglikYerleri/Support/Info.plist;
				INFOPLIST_KEY_CFBundleDisplayName = "Sağlık Kuruluşları";
				INFOPLIST_KEY_LSApplicationCategoryType = "public.app-category.medical";
				INFOPLIST_KEY_UIApplicationSupportsIndirectInputEvents = YES;
				INFOPLIST_KEY_UILaunchStoryboardName = LaunchScreen;
				INFOPLIST_KEY_UIStatusBarStyle = "";
				INFOPLIST_KEY_UISupportedInterfaceOrientations_iPad = "UIInterfaceOrientationPortrait UIInterfaceOrientationPortraitUpsideDown UIInterfaceOrientationLandscapeLeft UIInterfaceOrientationLandscapeRight";
				INFOPLIST_KEY_UISupportedInterfaceOrientations_iPhone = "UIInterfaceOrientationPortrait UIInterfaceOrientationLandscapeLeft UIInterfaceOrientationLandscapeRight";
				IPHONEOS_DEPLOYMENT_TARGET = 13.0;
				LD_RUNPATH_SEARCH_PATHS = (
					"$(inherited)",
					"@executable_path/Frameworks",
				);
				MARKETING_VERSION = 1.0.0;
				PRODUCT_BUNDLE_IDENTIFIER = com.ekremalkan.HealthcareOrganizations;
				PRODUCT_NAME = "$(TARGET_NAME)";
				SUPPORTED_PLATFORMS = "iphoneos iphonesimulator";
				SUPPORTS_MACCATALYST = NO;
				SUPPORTS_MAC_DESIGNED_FOR_IPHONE_IPAD = NO;
				SWIFT_EMIT_LOC_STRINGS = YES;
				SWIFT_VERSION = 5.0;
				TARGETED_DEVICE_FAMILY = 1;
			};
			name = Debug;
		};
		F072588D29F284ED00F625CE /* Release */ = {
			isa = XCBuildConfiguration;
			buildSettings = {
				ASSETCATALOG_COMPILER_APPICON_NAME = AppIcon;
				ASSETCATALOG_COMPILER_GLOBAL_ACCENT_COLOR_NAME = AccentColor;
				CODE_SIGN_STYLE = Automatic;
				CURRENT_PROJECT_VERSION = 1;
				DEVELOPMENT_TEAM = 78Y3UD747G;
				GENERATE_INFOPLIST_FILE = YES;
				INFOPLIST_FILE = SaglikYerleri/Support/Info.plist;
				INFOPLIST_KEY_CFBundleDisplayName = "Sağlık Kuruluşları";
				INFOPLIST_KEY_LSApplicationCategoryType = "public.app-category.medical";
				INFOPLIST_KEY_UIApplicationSupportsIndirectInputEvents = YES;
				INFOPLIST_KEY_UILaunchStoryboardName = LaunchScreen;
				INFOPLIST_KEY_UIStatusBarStyle = "";
				INFOPLIST_KEY_UISupportedInterfaceOrientations_iPad = "UIInterfaceOrientationPortrait UIInterfaceOrientationPortraitUpsideDown UIInterfaceOrientationLandscapeLeft UIInterfaceOrientationLandscapeRight";
				INFOPLIST_KEY_UISupportedInterfaceOrientations_iPhone = "UIInterfaceOrientationPortrait UIInterfaceOrientationLandscapeLeft UIInterfaceOrientationLandscapeRight";
				IPHONEOS_DEPLOYMENT_TARGET = 13.0;
				LD_RUNPATH_SEARCH_PATHS = (
					"$(inherited)",
					"@executable_path/Frameworks",
				);
				MARKETING_VERSION = 1.0.0;
				PRODUCT_BUNDLE_IDENTIFIER = com.ekremalkan.HealthcareOrganizations;
				PRODUCT_NAME = "$(TARGET_NAME)";
				SUPPORTED_PLATFORMS = "iphoneos iphonesimulator";
				SUPPORTS_MACCATALYST = NO;
				SUPPORTS_MAC_DESIGNED_FOR_IPHONE_IPAD = NO;
				SWIFT_EMIT_LOC_STRINGS = YES;
				SWIFT_VERSION = 5.0;
				TARGETED_DEVICE_FAMILY = 1;
			};
			name = Release;
		};
/* End XCBuildConfiguration section */

/* Begin XCConfigurationList section */
		F072587229F284EC00F625CE /* Build configuration list for PBXProject "SaglikYerleri" */ = {
			isa = XCConfigurationList;
			buildConfigurations = (
				F072588929F284ED00F625CE /* Debug */,
				F072588A29F284ED00F625CE /* Release */,
			);
			defaultConfigurationIsVisible = 0;
			defaultConfigurationName = Release;
		};
		F072588B29F284ED00F625CE /* Build configuration list for PBXNativeTarget "SaglikYerleri" */ = {
			isa = XCConfigurationList;
			buildConfigurations = (
				F072588C29F284ED00F625CE /* Debug */,
				F072588D29F284ED00F625CE /* Release */,
			);
			defaultConfigurationIsVisible = 0;
			defaultConfigurationName = Release;
		};
/* End XCConfigurationList section */

/* Begin XCRemoteSwiftPackageReference section */
		F00E6BC52A1954E100633FC4 /* XCRemoteSwiftPackageReference "GoogleSignIn-iOS" */ = {
			isa = XCRemoteSwiftPackageReference;
			repositoryURL = "https://github.com/google/GoogleSignIn-iOS";
			requirement = {
				kind = upToNextMajorVersion;
				minimumVersion = 7.0.0;
			};
		};
		F03380B32A1E535E00B120E7 /* XCRemoteSwiftPackageReference "purchases-ios" */ = {
			isa = XCRemoteSwiftPackageReference;
			repositoryURL = "https://github.com/RevenueCat/purchases-ios.git";
			requirement = {
				kind = upToNextMajorVersion;
				minimumVersion = 4.0.0;
			};
		};
		F03380BD2A1E91AB00B120E7 /* XCRemoteSwiftPackageReference "firebase-ios-sdk" */ = {
			isa = XCRemoteSwiftPackageReference;
			repositoryURL = "https://github.com/firebase/firebase-ios-sdk";
			requirement = {
				kind = upToNextMajorVersion;
				minimumVersion = 10.0.0;
			};
		};
		F07258A129F2E19200F625CE /* XCRemoteSwiftPackageReference "SnapKit" */ = {
			isa = XCRemoteSwiftPackageReference;
			repositoryURL = "https://github.com/SnapKit/SnapKit.git";
			requirement = {
				kind = upToNextMajorVersion;
				minimumVersion = 5.0.0;
			};
		};
		F096A2862A13A7230084947F /* XCRemoteSwiftPackageReference "SideMenu" */ = {
			isa = XCRemoteSwiftPackageReference;
			repositoryURL = "https://github.com/jonkykong/SideMenu";
			requirement = {
				kind = upToNextMajorVersion;
				minimumVersion = 6.0.0;
			};
		};
		F0CA98182A0437ED00F996D8 /* XCRemoteSwiftPackageReference "lottie-ios" */ = {
			isa = XCRemoteSwiftPackageReference;
			repositoryURL = "https://github.com/airbnb/lottie-ios";
			requirement = {
				kind = upToNextMajorVersion;
				minimumVersion = 4.0.0;
			};
		};
		F0D77CEC29F668CF0061C85E /* XCRemoteSwiftPackageReference "RxSwift" */ = {
			isa = XCRemoteSwiftPackageReference;
			repositoryURL = "https://github.com/ReactiveX/RxSwift";
			requirement = {
				kind = upToNextMajorVersion;
				minimumVersion = 6.0.0;
			};
		};
		F0D77CF129F668FB0061C85E /* XCRemoteSwiftPackageReference "RxDataSources" */ = {
			isa = XCRemoteSwiftPackageReference;
			repositoryURL = "https://github.com/RxSwiftCommunity/RxDataSources";
			requirement = {
				kind = upToNextMajorVersion;
				minimumVersion = 5.0.0;
			};
		};
		F0D77D0729FA724D0061C85E /* XCRemoteSwiftPackageReference "Alamofire" */ = {
			isa = XCRemoteSwiftPackageReference;
			repositoryURL = "https://github.com/Alamofire/Alamofire.git";
			requirement = {
				kind = upToNextMajorVersion;
				minimumVersion = 5.0.0;
			};
		};
		F0EE779A2A052DAE007BF9A7 /* XCRemoteSwiftPackageReference "FloatingPanel" */ = {
			isa = XCRemoteSwiftPackageReference;
			repositoryURL = "https://github.com/SCENEE/FloatingPanel";
			requirement = {
				kind = upToNextMajorVersion;
				minimumVersion = 2.0.0;
			};
		};
/* End XCRemoteSwiftPackageReference section */

/* Begin XCSwiftPackageProductDependency section */
		F00E6BC62A1954E100633FC4 /* GoogleSignIn */ = {
			isa = XCSwiftPackageProductDependency;
			package = F00E6BC52A1954E100633FC4 /* XCRemoteSwiftPackageReference "GoogleSignIn-iOS" */;
			productName = GoogleSignIn;
		};
		F03380B42A1E535E00B120E7 /* RevenueCat */ = {
			isa = XCSwiftPackageProductDependency;
			package = F03380B32A1E535E00B120E7 /* XCRemoteSwiftPackageReference "purchases-ios" */;
			productName = RevenueCat;
		};
		F03380BE2A1E91AB00B120E7 /* FirebaseAnalytics */ = {
			isa = XCSwiftPackageProductDependency;
			package = F03380BD2A1E91AB00B120E7 /* XCRemoteSwiftPackageReference "firebase-ios-sdk" */;
			productName = FirebaseAnalytics;
		};
		F03380C02A1E91AB00B120E7 /* FirebaseAnalyticsSwift */ = {
			isa = XCSwiftPackageProductDependency;
			package = F03380BD2A1E91AB00B120E7 /* XCRemoteSwiftPackageReference "firebase-ios-sdk" */;
			productName = FirebaseAnalyticsSwift;
		};
		F03380C22A1E91AB00B120E7 /* FirebaseAuth */ = {
			isa = XCSwiftPackageProductDependency;
			package = F03380BD2A1E91AB00B120E7 /* XCRemoteSwiftPackageReference "firebase-ios-sdk" */;
			productName = FirebaseAuth;
		};
		F03380C42A1E91AB00B120E7 /* FirebaseFirestore */ = {
			isa = XCSwiftPackageProductDependency;
			package = F03380BD2A1E91AB00B120E7 /* XCRemoteSwiftPackageReference "firebase-ios-sdk" */;
			productName = FirebaseFirestore;
		};
		F07258A229F2E19200F625CE /* SnapKit */ = {
			isa = XCSwiftPackageProductDependency;
			package = F07258A129F2E19200F625CE /* XCRemoteSwiftPackageReference "SnapKit" */;
			productName = SnapKit;
		};
		F096A2872A13A7230084947F /* SideMenu */ = {
			isa = XCSwiftPackageProductDependency;
			package = F096A2862A13A7230084947F /* XCRemoteSwiftPackageReference "SideMenu" */;
			productName = SideMenu;
		};
		F0CA98192A0437ED00F996D8 /* Lottie */ = {
			isa = XCSwiftPackageProductDependency;
			package = F0CA98182A0437ED00F996D8 /* XCRemoteSwiftPackageReference "lottie-ios" */;
			productName = Lottie;
		};
		F0D77CED29F668CF0061C85E /* RxCocoa */ = {
			isa = XCSwiftPackageProductDependency;
			package = F0D77CEC29F668CF0061C85E /* XCRemoteSwiftPackageReference "RxSwift" */;
			productName = RxCocoa;
		};
		F0D77CEF29F668CF0061C85E /* RxSwift */ = {
			isa = XCSwiftPackageProductDependency;
			package = F0D77CEC29F668CF0061C85E /* XCRemoteSwiftPackageReference "RxSwift" */;
			productName = RxSwift;
		};
		F0D77CF229F668FB0061C85E /* RxDataSources */ = {
			isa = XCSwiftPackageProductDependency;
			package = F0D77CF129F668FB0061C85E /* XCRemoteSwiftPackageReference "RxDataSources" */;
			productName = RxDataSources;
		};
		F0D77D0829FA724D0061C85E /* Alamofire */ = {
			isa = XCSwiftPackageProductDependency;
			package = F0D77D0729FA724D0061C85E /* XCRemoteSwiftPackageReference "Alamofire" */;
			productName = Alamofire;
		};
		F0EE779B2A052DAE007BF9A7 /* FloatingPanel */ = {
			isa = XCSwiftPackageProductDependency;
			package = F0EE779A2A052DAE007BF9A7 /* XCRemoteSwiftPackageReference "FloatingPanel" */;
			productName = FloatingPanel;
		};
/* End XCSwiftPackageProductDependency section */
	};
	rootObject = F072586F29F284EC00F625CE /* Project object */;
}
