// !$*UTF8*$!
{
	archiveVersion = 1;
	classes = {
	};
	objectVersion = 56;
	objects = {

/* Begin PBXBuildFile section */
		F072587B29F284EC00F625CE /* AppDelegate.swift in Sources */ = {isa = PBXBuildFile; fileRef = F072587A29F284EC00F625CE /* AppDelegate.swift */; };
		F072587D29F284EC00F625CE /* SceneDelegate.swift in Sources */ = {isa = PBXBuildFile; fileRef = F072587C29F284EC00F625CE /* SceneDelegate.swift */; };
		F072588429F284ED00F625CE /* Assets.xcassets in Resources */ = {isa = PBXBuildFile; fileRef = F072588329F284ED00F625CE /* Assets.xcassets */; };
		F072588729F284ED00F625CE /* LaunchScreen.storyboard in Resources */ = {isa = PBXBuildFile; fileRef = F072588529F284ED00F625CE /* LaunchScreen.storyboard */; };
		F072589529F285F600F625CE /* MainController.swift in Sources */ = {isa = PBXBuildFile; fileRef = F072589429F285F600F625CE /* MainController.swift */; };
		F072589829F2CF2800F625CE /* Coordinator.swift in Sources */ = {isa = PBXBuildFile; fileRef = F072589729F2CF2800F625CE /* Coordinator.swift */; };
		F072589C29F2D89A00F625CE /* MainCoordinator.swift in Sources */ = {isa = PBXBuildFile; fileRef = F072589B29F2D89900F625CE /* MainCoordinator.swift */; };
		F072589E29F2DFCE00F625CE /* MainView.swift in Sources */ = {isa = PBXBuildFile; fileRef = F072589D29F2DFCE00F625CE /* MainView.swift */; };
		F07258A029F2E08F00F625CE /* ViewProtocol.swift in Sources */ = {isa = PBXBuildFile; fileRef = F072589F29F2E08F00F625CE /* ViewProtocol.swift */; };
		F07258A329F2E19200F625CE /* SnapKit in Frameworks */ = {isa = PBXBuildFile; productRef = F07258A229F2E19200F625CE /* SnapKit */; };
		F07258A629F2E3FF00F625CE /* UIColor+HEXColor.swift in Sources */ = {isa = PBXBuildFile; fileRef = F07258A529F2E3FF00F625CE /* UIColor+HEXColor.swift */; };
		F07258B429F31BF900F625CE /* CustomTopView.swift in Sources */ = {isa = PBXBuildFile; fileRef = F07258B329F31BF900F625CE /* CustomTopView.swift */; };
		F07258B829F32B2F00F625CE /* CustomTextField.swift in Sources */ = {isa = PBXBuildFile; fileRef = F07258B729F32B2F00F625CE /* CustomTextField.swift */; };
		F07258BA29F3386400F625CE /* HorizontalCollectionCell.swift in Sources */ = {isa = PBXBuildFile; fileRef = F07258B929F3386400F625CE /* HorizontalCollectionCell.swift */; };
		F07258BC29F338B200F625CE /* CellProtocol.swift in Sources */ = {isa = PBXBuildFile; fileRef = F07258BB29F338B200F625CE /* CellProtocol.swift */; };
		F07258BF29F33F9800F625CE /* MainViewModel.swift in Sources */ = {isa = PBXBuildFile; fileRef = F07258BE29F33F9800F625CE /* MainViewModel.swift */; };
		F07258C229F3416400F625CE /* MainModel.swift in Sources */ = {isa = PBXBuildFile; fileRef = F07258C129F3416400F625CE /* MainModel.swift */; };
		F0CDE30629F51EDD0050D81B /* VerticalCollectionCell.swift in Sources */ = {isa = PBXBuildFile; fileRef = F0CDE30529F51EDD0050D81B /* VerticalCollectionCell.swift */; };
		F0CDE30929F536FD0050D81B /* RxCocoa in Frameworks */ = {isa = PBXBuildFile; productRef = F0CDE30829F536FD0050D81B /* RxCocoa */; };
		F0CDE30B29F536FD0050D81B /* RxSwift in Frameworks */ = {isa = PBXBuildFile; productRef = F0CDE30A29F536FD0050D81B /* RxSwift */; };
/* End PBXBuildFile section */

/* Begin PBXFileReference section */
		F072587729F284EC00F625CE /* SaglikYerleri.app */ = {isa = PBXFileReference; explicitFileType = wrapper.application; includeInIndex = 0; path = SaglikYerleri.app; sourceTree = BUILT_PRODUCTS_DIR; };
		F072587A29F284EC00F625CE /* AppDelegate.swift */ = {isa = PBXFileReference; lastKnownFileType = sourcecode.swift; path = AppDelegate.swift; sourceTree = "<group>"; };
		F072587C29F284EC00F625CE /* SceneDelegate.swift */ = {isa = PBXFileReference; lastKnownFileType = sourcecode.swift; path = SceneDelegate.swift; sourceTree = "<group>"; };
		F072588329F284ED00F625CE /* Assets.xcassets */ = {isa = PBXFileReference; lastKnownFileType = folder.assetcatalog; path = Assets.xcassets; sourceTree = "<group>"; };
		F072588629F284ED00F625CE /* Base */ = {isa = PBXFileReference; lastKnownFileType = file.storyboard; name = Base; path = Base.lproj/LaunchScreen.storyboard; sourceTree = "<group>"; };
		F072588829F284ED00F625CE /* Info.plist */ = {isa = PBXFileReference; lastKnownFileType = text.plist.xml; path = Info.plist; sourceTree = "<group>"; };
		F072589429F285F600F625CE /* MainController.swift */ = {isa = PBXFileReference; lastKnownFileType = sourcecode.swift; path = MainController.swift; sourceTree = "<group>"; };
		F072589729F2CF2800F625CE /* Coordinator.swift */ = {isa = PBXFileReference; lastKnownFileType = sourcecode.swift; path = Coordinator.swift; sourceTree = "<group>"; };
		F072589B29F2D89900F625CE /* MainCoordinator.swift */ = {isa = PBXFileReference; lastKnownFileType = sourcecode.swift; path = MainCoordinator.swift; sourceTree = "<group>"; };
		F072589D29F2DFCE00F625CE /* MainView.swift */ = {isa = PBXFileReference; lastKnownFileType = sourcecode.swift; path = MainView.swift; sourceTree = "<group>"; };
		F072589F29F2E08F00F625CE /* ViewProtocol.swift */ = {isa = PBXFileReference; lastKnownFileType = sourcecode.swift; path = ViewProtocol.swift; sourceTree = "<group>"; };
		F07258A529F2E3FF00F625CE /* UIColor+HEXColor.swift */ = {isa = PBXFileReference; lastKnownFileType = sourcecode.swift; path = "UIColor+HEXColor.swift"; sourceTree = "<group>"; };
		F07258B329F31BF900F625CE /* CustomTopView.swift */ = {isa = PBXFileReference; lastKnownFileType = sourcecode.swift; path = CustomTopView.swift; sourceTree = "<group>"; };
		F07258B729F32B2F00F625CE /* CustomTextField.swift */ = {isa = PBXFileReference; lastKnownFileType = sourcecode.swift; path = CustomTextField.swift; sourceTree = "<group>"; };
		F07258B929F3386400F625CE /* HorizontalCollectionCell.swift */ = {isa = PBXFileReference; lastKnownFileType = sourcecode.swift; path = HorizontalCollectionCell.swift; sourceTree = "<group>"; };
		F07258BB29F338B200F625CE /* CellProtocol.swift */ = {isa = PBXFileReference; lastKnownFileType = sourcecode.swift; path = CellProtocol.swift; sourceTree = "<group>"; };
		F07258BE29F33F9800F625CE /* MainViewModel.swift */ = {isa = PBXFileReference; lastKnownFileType = sourcecode.swift; path = MainViewModel.swift; sourceTree = "<group>"; };
		F07258C129F3416400F625CE /* MainModel.swift */ = {isa = PBXFileReference; lastKnownFileType = sourcecode.swift; path = MainModel.swift; sourceTree = "<group>"; };
		F0CDE30529F51EDD0050D81B /* VerticalCollectionCell.swift */ = {isa = PBXFileReference; lastKnownFileType = sourcecode.swift; path = VerticalCollectionCell.swift; sourceTree = "<group>"; };
/* End PBXFileReference section */

/* Begin PBXFrameworksBuildPhase section */
		F072587429F284EC00F625CE /* Frameworks */ = {
			isa = PBXFrameworksBuildPhase;
			buildActionMask = 2147483647;
			files = (
				F0CDE30B29F536FD0050D81B /* RxSwift in Frameworks */,
				F0CDE30929F536FD0050D81B /* RxCocoa in Frameworks */,
				F07258A329F2E19200F625CE /* SnapKit in Frameworks */,
			);
			runOnlyForDeploymentPostprocessing = 0;
		};
/* End PBXFrameworksBuildPhase section */

/* Begin PBXGroup section */
		F072586E29F284EC00F625CE = {
			isa = PBXGroup;
			children = (
				F072587929F284EC00F625CE /* SaglikYerleri */,
				F072587829F284EC00F625CE /* Products */,
			);
			sourceTree = "<group>";
		};
		F072587829F284EC00F625CE /* Products */ = {
			isa = PBXGroup;
			children = (
				F072587729F284EC00F625CE /* SaglikYerleri.app */,
			);
			name = Products;
			sourceTree = "<group>";
		};
		F072587929F284EC00F625CE /* SaglikYerleri */ = {
			isa = PBXGroup;
			children = (
				F072588E29F2857900F625CE /* App */,
				F07258B529F32B0000F625CE /* Components */,
				F072589629F2CF1900F625CE /* Protocols */,
				F07258A429F2E3DD00F625CE /* Extensions */,
				F072589129F285DA00F625CE /* Scenes */,
				F072588F29F2858400F625CE /* Support */,
				F072589029F2859000F625CE /* Resources */,
			);
			path = SaglikYerleri;
			sourceTree = "<group>";
		};
		F072588E29F2857900F625CE /* App */ = {
			isa = PBXGroup;
			children = (
				F072587A29F284EC00F625CE /* AppDelegate.swift */,
				F072587C29F284EC00F625CE /* SceneDelegate.swift */,
			);
			path = App;
			sourceTree = "<group>";
		};
		F072588F29F2858400F625CE /* Support */ = {
			isa = PBXGroup;
			children = (
				F072588829F284ED00F625CE /* Info.plist */,
			);
			path = Support;
			sourceTree = "<group>";
		};
		F072589029F2859000F625CE /* Resources */ = {
			isa = PBXGroup;
			children = (
				F072588329F284ED00F625CE /* Assets.xcassets */,
				F072588529F284ED00F625CE /* LaunchScreen.storyboard */,
			);
			path = Resources;
			sourceTree = "<group>";
		};
		F072589129F285DA00F625CE /* Scenes */ = {
			isa = PBXGroup;
			children = (
				F072589229F285E200F625CE /* Main */,
			);
			path = Scenes;
			sourceTree = "<group>";
		};
		F072589229F285E200F625CE /* Main */ = {
			isa = PBXGroup;
			children = (
				F072589B29F2D89900F625CE /* MainCoordinator.swift */,
				F07258C029F3414300F625CE /* Model */,
				F072589329F285E700F625CE /* View */,
				F07258BD29F33F8000F625CE /* ViewModel */,
			);
			path = Main;
			sourceTree = "<group>";
		};
		F072589329F285E700F625CE /* View */ = {
			isa = PBXGroup;
			children = (
				F07258A829F30F9E00F625CE /* SubViews */,
				F07258A929F30FA700F625CE /* Cells */,
				F072589429F285F600F625CE /* MainController.swift */,
				F072589D29F2DFCE00F625CE /* MainView.swift */,
			);
			path = View;
			sourceTree = "<group>";
		};
		F072589629F2CF1900F625CE /* Protocols */ = {
			isa = PBXGroup;
			children = (
				F072589729F2CF2800F625CE /* Coordinator.swift */,
				F072589F29F2E08F00F625CE /* ViewProtocol.swift */,
				F07258BB29F338B200F625CE /* CellProtocol.swift */,
			);
			path = Protocols;
			sourceTree = "<group>";
		};
		F07258A429F2E3DD00F625CE /* Extensions */ = {
			isa = PBXGroup;
			children = (
				F07258A529F2E3FF00F625CE /* UIColor+HEXColor.swift */,
			);
			path = Extensions;
			sourceTree = "<group>";
		};
		F07258A829F30F9E00F625CE /* SubViews */ = {
			isa = PBXGroup;
			children = (
				F07258B229F31BCB00F625CE /* TopView */,
			);
			path = SubViews;
			sourceTree = "<group>";
		};
		F07258A929F30FA700F625CE /* Cells */ = {
			isa = PBXGroup;
			children = (
				F07258B929F3386400F625CE /* HorizontalCollectionCell.swift */,
				F0CDE30529F51EDD0050D81B /* VerticalCollectionCell.swift */,
			);
			path = Cells;
			sourceTree = "<group>";
		};
		F07258B229F31BCB00F625CE /* TopView */ = {
			isa = PBXGroup;
			children = (
				F07258B329F31BF900F625CE /* CustomTopView.swift */,
			);
			path = TopView;
			sourceTree = "<group>";
		};
		F07258B529F32B0000F625CE /* Components */ = {
			isa = PBXGroup;
			children = (
				F07258B629F32B0E00F625CE /* TextField */,
			);
			path = Components;
			sourceTree = "<group>";
		};
		F07258B629F32B0E00F625CE /* TextField */ = {
			isa = PBXGroup;
			children = (
				F07258B729F32B2F00F625CE /* CustomTextField.swift */,
			);
			path = TextField;
			sourceTree = "<group>";
		};
		F07258BD29F33F8000F625CE /* ViewModel */ = {
			isa = PBXGroup;
			children = (
				F07258BE29F33F9800F625CE /* MainViewModel.swift */,
			);
			path = ViewModel;
			sourceTree = "<group>";
		};
		F07258C029F3414300F625CE /* Model */ = {
			isa = PBXGroup;
			children = (
				F07258C129F3416400F625CE /* MainModel.swift */,
			);
			path = Model;
			sourceTree = "<group>";
		};
/* End PBXGroup section */

/* Begin PBXNativeTarget section */
		F072587629F284EC00F625CE /* SaglikYerleri */ = {
			isa = PBXNativeTarget;
			buildConfigurationList = F072588B29F284ED00F625CE /* Build configuration list for PBXNativeTarget "SaglikYerleri" */;
			buildPhases = (
				F072587329F284EC00F625CE /* Sources */,
				F072587429F284EC00F625CE /* Frameworks */,
				F072587529F284EC00F625CE /* Resources */,
			);
			buildRules = (
			);
			dependencies = (
			);
			name = SaglikYerleri;
			packageProductDependencies = (
				F07258A229F2E19200F625CE /* SnapKit */,
				F0CDE30829F536FD0050D81B /* RxCocoa */,
				F0CDE30A29F536FD0050D81B /* RxSwift */,
			);
			productName = SaglikYerleri;
			productReference = F072587729F284EC00F625CE /* SaglikYerleri.app */;
			productType = "com.apple.product-type.application";
		};
/* End PBXNativeTarget section */

/* Begin PBXProject section */
		F072586F29F284EC00F625CE /* Project object */ = {
			isa = PBXProject;
			attributes = {
				BuildIndependentTargetsInParallel = 1;
				LastSwiftUpdateCheck = 1430;
				LastUpgradeCheck = 1430;
				TargetAttributes = {
					F072587629F284EC00F625CE = {
						CreatedOnToolsVersion = 14.3;
					};
				};
			};
			buildConfigurationList = F072587229F284EC00F625CE /* Build configuration list for PBXProject "SaglikYerleri" */;
			compatibilityVersion = "Xcode 14.0";
			developmentRegion = en;
			hasScannedForEncodings = 0;
			knownRegions = (
				en,
				Base,
			);
			mainGroup = F072586E29F284EC00F625CE;
			packageReferences = (
				F07258A129F2E19200F625CE /* XCRemoteSwiftPackageReference "SnapKit" */,
				F0CDE30729F536FD0050D81B /* XCRemoteSwiftPackageReference "RxSwift" */,
			);
			productRefGroup = F072587829F284EC00F625CE /* Products */;
			projectDirPath = "";
			projectRoot = "";
			targets = (
				F072587629F284EC00F625CE /* SaglikYerleri */,
			);
		};
/* End PBXProject section */

/* Begin PBXResourcesBuildPhase section */
		F072587529F284EC00F625CE /* Resources */ = {
			isa = PBXResourcesBuildPhase;
			buildActionMask = 2147483647;
			files = (
				F072588729F284ED00F625CE /* LaunchScreen.storyboard in Resources */,
				F072588429F284ED00F625CE /* Assets.xcassets in Resources */,
			);
			runOnlyForDeploymentPostprocessing = 0;
		};
/* End PBXResourcesBuildPhase section */

/* Begin PBXSourcesBuildPhase section */
		F072587329F284EC00F625CE /* Sources */ = {
			isa = PBXSourcesBuildPhase;
			buildActionMask = 2147483647;
			files = (
				F07258B429F31BF900F625CE /* CustomTopView.swift in Sources */,
				F072589829F2CF2800F625CE /* Coordinator.swift in Sources */,
				F072589E29F2DFCE00F625CE /* MainView.swift in Sources */,
				F072589C29F2D89A00F625CE /* MainCoordinator.swift in Sources */,
				F07258B829F32B2F00F625CE /* CustomTextField.swift in Sources */,
				F07258BF29F33F9800F625CE /* MainViewModel.swift in Sources */,
				F072587B29F284EC00F625CE /* AppDelegate.swift in Sources */,
				F07258A029F2E08F00F625CE /* ViewProtocol.swift in Sources */,
				F07258BC29F338B200F625CE /* CellProtocol.swift in Sources */,
				F07258A629F2E3FF00F625CE /* UIColor+HEXColor.swift in Sources */,
				F07258C229F3416400F625CE /* MainModel.swift in Sources */,
				F07258BA29F3386400F625CE /* HorizontalCollectionCell.swift in Sources */,
				F072589529F285F600F625CE /* MainController.swift in Sources */,
				F072587D29F284EC00F625CE /* SceneDelegate.swift in Sources */,
				F0CDE30629F51EDD0050D81B /* VerticalCollectionCell.swift in Sources */,
			);
			runOnlyForDeploymentPostprocessing = 0;
		};
/* End PBXSourcesBuildPhase section */

/* Begin PBXVariantGroup section */
		F072588529F284ED00F625CE /* LaunchScreen.storyboard */ = {
			isa = PBXVariantGroup;
			children = (
				F072588629F284ED00F625CE /* Base */,
			);
			name = LaunchScreen.storyboard;
			sourceTree = "<group>";
		};
/* End PBXVariantGroup section */

/* Begin XCBuildConfiguration section */
		F072588929F284ED00F625CE /* Debug */ = {
			isa = XCBuildConfiguration;
			buildSettings = {
				ALWAYS_SEARCH_USER_PATHS = NO;
				CLANG_ANALYZER_NONNULL = YES;
				CLANG_ANALYZER_NUMBER_OBJECT_CONVERSION = YES_AGGRESSIVE;
				CLANG_CXX_LANGUAGE_STANDARD = "gnu++20";
				CLANG_ENABLE_MODULES = YES;
				CLANG_ENABLE_OBJC_ARC = YES;
				CLANG_ENABLE_OBJC_WEAK = YES;
				CLANG_WARN_BLOCK_CAPTURE_AUTORELEASING = YES;
				CLANG_WARN_BOOL_CONVERSION = YES;
				CLANG_WARN_COMMA = YES;
				CLANG_WARN_CONSTANT_CONVERSION = YES;
				CLANG_WARN_DEPRECATED_OBJC_IMPLEMENTATIONS = YES;
				CLANG_WARN_DIRECT_OBJC_ISA_USAGE = YES_ERROR;
				CLANG_WARN_DOCUMENTATION_COMMENTS = YES;
				CLANG_WARN_EMPTY_BODY = YES;
				CLANG_WARN_ENUM_CONVERSION = YES;
				CLANG_WARN_INFINITE_RECURSION = YES;
				CLANG_WARN_INT_CONVERSION = YES;
				CLANG_WARN_NON_LITERAL_NULL_CONVERSION = YES;
				CLANG_WARN_OBJC_IMPLICIT_RETAIN_SELF = YES;
				CLANG_WARN_OBJC_LITERAL_CONVERSION = YES;
				CLANG_WARN_OBJC_ROOT_CLASS = YES_ERROR;
				CLANG_WARN_QUOTED_INCLUDE_IN_FRAMEWORK_HEADER = YES;
				CLANG_WARN_RANGE_LOOP_ANALYSIS = YES;
				CLANG_WARN_STRICT_PROTOTYPES = YES;
				CLANG_WARN_SUSPICIOUS_MOVE = YES;
				CLANG_WARN_UNGUARDED_AVAILABILITY = YES_AGGRESSIVE;
				CLANG_WARN_UNREACHABLE_CODE = YES;
				CLANG_WARN__DUPLICATE_METHOD_MATCH = YES;
				COPY_PHASE_STRIP = NO;
				DEBUG_INFORMATION_FORMAT = dwarf;
				ENABLE_STRICT_OBJC_MSGSEND = YES;
				ENABLE_TESTABILITY = YES;
				GCC_C_LANGUAGE_STANDARD = gnu11;
				GCC_DYNAMIC_NO_PIC = NO;
				GCC_NO_COMMON_BLOCKS = YES;
				GCC_OPTIMIZATION_LEVEL = 0;
				GCC_PREPROCESSOR_DEFINITIONS = (
					"DEBUG=1",
					"$(inherited)",
				);
				GCC_WARN_64_TO_32_BIT_CONVERSION = YES;
				GCC_WARN_ABOUT_RETURN_TYPE = YES_ERROR;
				GCC_WARN_UNDECLARED_SELECTOR = YES;
				GCC_WARN_UNINITIALIZED_AUTOS = YES_AGGRESSIVE;
				GCC_WARN_UNUSED_FUNCTION = YES;
				GCC_WARN_UNUSED_VARIABLE = YES;
				IPHONEOS_DEPLOYMENT_TARGET = 16.4;
				MTL_ENABLE_DEBUG_INFO = INCLUDE_SOURCE;
				MTL_FAST_MATH = YES;
				ONLY_ACTIVE_ARCH = YES;
				SDKROOT = iphoneos;
				SWIFT_ACTIVE_COMPILATION_CONDITIONS = DEBUG;
				SWIFT_OPTIMIZATION_LEVEL = "-Onone";
			};
			name = Debug;
		};
		F072588A29F284ED00F625CE /* Release */ = {
			isa = XCBuildConfiguration;
			buildSettings = {
				ALWAYS_SEARCH_USER_PATHS = NO;
				CLANG_ANALYZER_NONNULL = YES;
				CLANG_ANALYZER_NUMBER_OBJECT_CONVERSION = YES_AGGRESSIVE;
				CLANG_CXX_LANGUAGE_STANDARD = "gnu++20";
				CLANG_ENABLE_MODULES = YES;
				CLANG_ENABLE_OBJC_ARC = YES;
				CLANG_ENABLE_OBJC_WEAK = YES;
				CLANG_WARN_BLOCK_CAPTURE_AUTORELEASING = YES;
				CLANG_WARN_BOOL_CONVERSION = YES;
				CLANG_WARN_COMMA = YES;
				CLANG_WARN_CONSTANT_CONVERSION = YES;
				CLANG_WARN_DEPRECATED_OBJC_IMPLEMENTATIONS = YES;
				CLANG_WARN_DIRECT_OBJC_ISA_USAGE = YES_ERROR;
				CLANG_WARN_DOCUMENTATION_COMMENTS = YES;
				CLANG_WARN_EMPTY_BODY = YES;
				CLANG_WARN_ENUM_CONVERSION = YES;
				CLANG_WARN_INFINITE_RECURSION = YES;
				CLANG_WARN_INT_CONVERSION = YES;
				CLANG_WARN_NON_LITERAL_NULL_CONVERSION = YES;
				CLANG_WARN_OBJC_IMPLICIT_RETAIN_SELF = YES;
				CLANG_WARN_OBJC_LITERAL_CONVERSION = YES;
				CLANG_WARN_OBJC_ROOT_CLASS = YES_ERROR;
				CLANG_WARN_QUOTED_INCLUDE_IN_FRAMEWORK_HEADER = YES;
				CLANG_WARN_RANGE_LOOP_ANALYSIS = YES;
				CLANG_WARN_STRICT_PROTOTYPES = YES;
				CLANG_WARN_SUSPICIOUS_MOVE = YES;
				CLANG_WARN_UNGUARDED_AVAILABILITY = YES_AGGRESSIVE;
				CLANG_WARN_UNREACHABLE_CODE = YES;
				CLANG_WARN__DUPLICATE_METHOD_MATCH = YES;
				COPY_PHASE_STRIP = NO;
				DEBUG_INFORMATION_FORMAT = "dwarf-with-dsym";
				ENABLE_NS_ASSERTIONS = NO;
				ENABLE_STRICT_OBJC_MSGSEND = YES;
				GCC_C_LANGUAGE_STANDARD = gnu11;
				GCC_NO_COMMON_BLOCKS = YES;
				GCC_WARN_64_TO_32_BIT_CONVERSION = YES;
				GCC_WARN_ABOUT_RETURN_TYPE = YES_ERROR;
				GCC_WARN_UNDECLARED_SELECTOR = YES;
				GCC_WARN_UNINITIALIZED_AUTOS = YES_AGGRESSIVE;
				GCC_WARN_UNUSED_FUNCTION = YES;
				GCC_WARN_UNUSED_VARIABLE = YES;
				IPHONEOS_DEPLOYMENT_TARGET = 16.4;
				MTL_ENABLE_DEBUG_INFO = NO;
				MTL_FAST_MATH = YES;
				SDKROOT = iphoneos;
				SWIFT_COMPILATION_MODE = wholemodule;
				SWIFT_OPTIMIZATION_LEVEL = "-O";
				VALIDATE_PRODUCT = YES;
			};
			name = Release;
		};
		F072588C29F284ED00F625CE /* Debug */ = {
			isa = XCBuildConfiguration;
			buildSettings = {
				ASSETCATALOG_COMPILER_APPICON_NAME = AppIcon;
				ASSETCATALOG_COMPILER_GLOBAL_ACCENT_COLOR_NAME = AccentColor;
				CODE_SIGN_STYLE = Automatic;
				CURRENT_PROJECT_VERSION = 1;
				DEVELOPMENT_TEAM = 78Y3UD747G;
				GENERATE_INFOPLIST_FILE = YES;
				INFOPLIST_FILE = SaglikYerleri/Support/Info.plist;
				INFOPLIST_KEY_UIApplicationSupportsIndirectInputEvents = YES;
				INFOPLIST_KEY_UILaunchStoryboardName = LaunchScreen;
				INFOPLIST_KEY_UIStatusBarStyle = "";
				INFOPLIST_KEY_UISupportedInterfaceOrientations_iPad = "UIInterfaceOrientationPortrait UIInterfaceOrientationPortraitUpsideDown UIInterfaceOrientationLandscapeLeft UIInterfaceOrientationLandscapeRight";
				INFOPLIST_KEY_UISupportedInterfaceOrientations_iPhone = "UIInterfaceOrientationPortrait UIInterfaceOrientationLandscapeLeft UIInterfaceOrientationLandscapeRight";
				IPHONEOS_DEPLOYMENT_TARGET = 13.0;
				LD_RUNPATH_SEARCH_PATHS = (
					"$(inherited)",
					"@executable_path/Frameworks",
				);
				MARKETING_VERSION = 1.0.0;
				PRODUCT_BUNDLE_IDENTIFIER = com.ekremalkan.HealthcareOrganizations;
				PRODUCT_NAME = "$(TARGET_NAME)";
				SUPPORTED_PLATFORMS = "iphoneos iphonesimulator";
				SUPPORTS_MACCATALYST = NO;
				SUPPORTS_MAC_DESIGNED_FOR_IPHONE_IPAD = NO;
				SWIFT_EMIT_LOC_STRINGS = YES;
				SWIFT_VERSION = 5.0;
				TARGETED_DEVICE_FAMILY = 1;
			};
			name = Debug;
		};
		F072588D29F284ED00F625CE /* Release */ = {
			isa = XCBuildConfiguration;
			buildSettings = {
				ASSETCATALOG_COMPILER_APPICON_NAME = AppIcon;
				ASSETCATALOG_COMPILER_GLOBAL_ACCENT_COLOR_NAME = AccentColor;
				CODE_SIGN_STYLE = Automatic;
				CURRENT_PROJECT_VERSION = 1;
				DEVELOPMENT_TEAM = 78Y3UD747G;
				GENERATE_INFOPLIST_FILE = YES;
				INFOPLIST_FILE = SaglikYerleri/Support/Info.plist;
				INFOPLIST_KEY_UIApplicationSupportsIndirectInputEvents = YES;
				INFOPLIST_KEY_UILaunchStoryboardName = LaunchScreen;
				INFOPLIST_KEY_UIStatusBarStyle = "";
				INFOPLIST_KEY_UISupportedInterfaceOrientations_iPad = "UIInterfaceOrientationPortrait UIInterfaceOrientationPortraitUpsideDown UIInterfaceOrientationLandscapeLeft UIInterfaceOrientationLandscapeRight";
				INFOPLIST_KEY_UISupportedInterfaceOrientations_iPhone = "UIInterfaceOrientationPortrait UIInterfaceOrientationLandscapeLeft UIInterfaceOrientationLandscapeRight";
				IPHONEOS_DEPLOYMENT_TARGET = 13.0;
				LD_RUNPATH_SEARCH_PATHS = (
					"$(inherited)",
					"@executable_path/Frameworks",
				);
				MARKETING_VERSION = 1.0.0;
				PRODUCT_BUNDLE_IDENTIFIER = com.ekremalkan.HealthcareOrganizations;
				PRODUCT_NAME = "$(TARGET_NAME)";
				SUPPORTED_PLATFORMS = "iphoneos iphonesimulator";
				SUPPORTS_MACCATALYST = NO;
				SUPPORTS_MAC_DESIGNED_FOR_IPHONE_IPAD = NO;
				SWIFT_EMIT_LOC_STRINGS = YES;
				SWIFT_VERSION = 5.0;
				TARGETED_DEVICE_FAMILY = 1;
			};
			name = Release;
		};
/* End XCBuildConfiguration section */

/* Begin XCConfigurationList section */
		F072587229F284EC00F625CE /* Build configuration list for PBXProject "SaglikYerleri" */ = {
			isa = XCConfigurationList;
			buildConfigurations = (
				F072588929F284ED00F625CE /* Debug */,
				F072588A29F284ED00F625CE /* Release */,
			);
			defaultConfigurationIsVisible = 0;
			defaultConfigurationName = Release;
		};
		F072588B29F284ED00F625CE /* Build configuration list for PBXNativeTarget "SaglikYerleri" */ = {
			isa = XCConfigurationList;
			buildConfigurations = (
				F072588C29F284ED00F625CE /* Debug */,
				F072588D29F284ED00F625CE /* Release */,
			);
			defaultConfigurationIsVisible = 0;
			defaultConfigurationName = Release;
		};
/* End XCConfigurationList section */

/* Begin XCRemoteSwiftPackageReference section */
		F07258A129F2E19200F625CE /* XCRemoteSwiftPackageReference "SnapKit" */ = {
			isa = XCRemoteSwiftPackageReference;
			repositoryURL = "https://github.com/SnapKit/SnapKit.git";
			requirement = {
				kind = upToNextMajorVersion;
				minimumVersion = 5.0.0;
			};
		};
		F0CDE30729F536FD0050D81B /* XCRemoteSwiftPackageReference "RxSwift" */ = {
			isa = XCRemoteSwiftPackageReference;
			repositoryURL = "https://github.com/ReactiveX/RxSwift";
			requirement = {
				kind = upToNextMajorVersion;
				minimumVersion = 6.0.0;
			};
		};
/* End XCRemoteSwiftPackageReference section */

/* Begin XCSwiftPackageProductDependency section */
		F07258A229F2E19200F625CE /* SnapKit */ = {
			isa = XCSwiftPackageProductDependency;
			package = F07258A129F2E19200F625CE /* XCRemoteSwiftPackageReference "SnapKit" */;
			productName = SnapKit;
		};
		F0CDE30829F536FD0050D81B /* RxCocoa */ = {
			isa = XCSwiftPackageProductDependency;
			package = F0CDE30729F536FD0050D81B /* XCRemoteSwiftPackageReference "RxSwift" */;
			productName = RxCocoa;
		};
		F0CDE30A29F536FD0050D81B /* RxSwift */ = {
			isa = XCSwiftPackageProductDependency;
			package = F0CDE30729F536FD0050D81B /* XCRemoteSwiftPackageReference "RxSwift" */;
			productName = RxSwift;
		};
/* End XCSwiftPackageProductDependency section */
	};
	rootObject = F072586F29F284EC00F625CE /* Project object */;
}
